// !$*UTF8*$!
{
	archiveVersion = 1;
	classes = {
	};
	objectVersion = 56;
	objects = {

/* Begin PBXBuildFile section */
		D99954B82C05022F0048B015 /* AppDelegate.swift in Sources */ = {isa = PBXBuildFile; fileRef = D99954B02C05022F0048B015 /* AppDelegate.swift */; };
		D99954B92C05022F0048B015 /* CommandLineArgumentKey.swift in Sources */ = {isa = PBXBuildFile; fileRef = D99954B12C05022F0048B015 /* CommandLineArgumentKey.swift */; };
		D99954BC2C05022F0048B015 /* Assets.xcassets in Resources */ = {isa = PBXBuildFile; fileRef = D99954B52C05022F0048B015 /* Assets.xcassets */; };
		D99954CD2C0503880048B015 /* GitHubBaseTargetType.swift in Sources */ = {isa = PBXBuildFile; fileRef = D99954C02C0503870048B015 /* GitHubBaseTargetType.swift */; };
		D99954CE2C0503880048B015 /* HTTPMethod.swift in Sources */ = {isa = PBXBuildFile; fileRef = D99954C12C0503870048B015 /* HTTPMethod.swift */; };
		D99954CF2C0503880048B015 /* RequestBuilder.swift in Sources */ = {isa = PBXBuildFile; fileRef = D99954C22C0503870048B015 /* RequestBuilder.swift */; };
		D99954D02C0503880048B015 /* RequestTargetType.swift in Sources */ = {isa = PBXBuildFile; fileRef = D99954C32C0503870048B015 /* RequestTargetType.swift */; };
		D99954D12C0503880048B015 /* NetworkManager.swift in Sources */ = {isa = PBXBuildFile; fileRef = D99954C52C0503870048B015 /* NetworkManager.swift */; };
		D99954D22C0503880048B015 /* NetworkManaging.swift in Sources */ = {isa = PBXBuildFile; fileRef = D99954C62C0503870048B015 /* NetworkManaging.swift */; };
		D99954D32C0503880048B015 /* NetworkRepository.swift in Sources */ = {isa = PBXBuildFile; fileRef = D99954C82C0503870048B015 /* NetworkRepository.swift */; };
		D99954D42C0503880048B015 /* NetworkError.swift in Sources */ = {isa = PBXBuildFile; fileRef = D99954CA2C0503870048B015 /* NetworkError.swift */; };
		D99954D52C0503880048B015 /* ResponseDecoder.swift in Sources */ = {isa = PBXBuildFile; fileRef = D99954CB2C0503870048B015 /* ResponseDecoder.swift */; };
		D99954DA2C0503E90048B015 /* Data.swift in Sources */ = {isa = PBXBuildFile; fileRef = D99954D92C0503E90048B015 /* Data.swift */; };
		D99954E02C0504440048B015 /* JSONLoader.swift in Sources */ = {isa = PBXBuildFile; fileRef = D99954DE2C0504440048B015 /* JSONLoader.swift */; };
		D99954E12C0504440048B015 /* MockNetworkManager.swift in Sources */ = {isa = PBXBuildFile; fileRef = D99954DF2C0504440048B015 /* MockNetworkManager.swift */; };
		D99954E52C0506420048B015 /* Endpoint.swift in Sources */ = {isa = PBXBuildFile; fileRef = D99954E22C0506420048B015 /* Endpoint.swift */; };
		D99954E62C0506420048B015 /* EndpointPathGenerator.swift in Sources */ = {isa = PBXBuildFile; fileRef = D99954E32C0506420048B015 /* EndpointPathGenerator.swift */; };
/* End PBXBuildFile section */

/* Begin PBXContainerItemProxy section */
		D99954922C0501D50048B015 /* PBXContainerItemProxy */ = {
			isa = PBXContainerItemProxy;
			containerPortal = D99954732C0501D20048B015 /* Project object */;
			proxyType = 1;
			remoteGlobalIDString = D999547A2C0501D20048B015;
			remoteInfo = GitHub;
		};
/* End PBXContainerItemProxy section */

/* Begin PBXFileReference section */
		D999547B2C0501D20048B015 /* GitHub.app */ = {isa = PBXFileReference; explicitFileType = wrapper.application; includeInIndex = 0; path = GitHub.app; sourceTree = BUILT_PRODUCTS_DIR; };
		D99954912C0501D50048B015 /* GitHubTests.xctest */ = {isa = PBXFileReference; explicitFileType = wrapper.cfbundle; includeInIndex = 0; path = GitHubTests.xctest; sourceTree = BUILT_PRODUCTS_DIR; };
		D99954AE2C05022F0048B015 /* Info.plist */ = {isa = PBXFileReference; fileEncoding = 4; lastKnownFileType = text.plist.xml; path = Info.plist; sourceTree = "<group>"; };
		D99954B02C05022F0048B015 /* AppDelegate.swift */ = {isa = PBXFileReference; fileEncoding = 4; lastKnownFileType = sourcecode.swift; path = AppDelegate.swift; sourceTree = "<group>"; };
		D99954B12C05022F0048B015 /* CommandLineArgumentKey.swift */ = {isa = PBXFileReference; fileEncoding = 4; lastKnownFileType = sourcecode.swift; path = CommandLineArgumentKey.swift; sourceTree = "<group>"; };
		D99954B52C05022F0048B015 /* Assets.xcassets */ = {isa = PBXFileReference; lastKnownFileType = folder.assetcatalog; path = Assets.xcassets; sourceTree = "<group>"; };
		D99954C02C0503870048B015 /* GitHubBaseTargetType.swift */ = {isa = PBXFileReference; fileEncoding = 4; lastKnownFileType = sourcecode.swift; path = GitHubBaseTargetType.swift; sourceTree = "<group>"; };
		D99954C12C0503870048B015 /* HTTPMethod.swift */ = {isa = PBXFileReference; fileEncoding = 4; lastKnownFileType = sourcecode.swift; path = HTTPMethod.swift; sourceTree = "<group>"; };
		D99954C22C0503870048B015 /* RequestBuilder.swift */ = {isa = PBXFileReference; fileEncoding = 4; lastKnownFileType = sourcecode.swift; path = RequestBuilder.swift; sourceTree = "<group>"; };
		D99954C32C0503870048B015 /* RequestTargetType.swift */ = {isa = PBXFileReference; fileEncoding = 4; lastKnownFileType = sourcecode.swift; path = RequestTargetType.swift; sourceTree = "<group>"; };
		D99954C52C0503870048B015 /* NetworkManager.swift */ = {isa = PBXFileReference; fileEncoding = 4; lastKnownFileType = sourcecode.swift; path = NetworkManager.swift; sourceTree = "<group>"; };
		D99954C62C0503870048B015 /* NetworkManaging.swift */ = {isa = PBXFileReference; fileEncoding = 4; lastKnownFileType = sourcecode.swift; path = NetworkManaging.swift; sourceTree = "<group>"; };
		D99954C82C0503870048B015 /* NetworkRepository.swift */ = {isa = PBXFileReference; fileEncoding = 4; lastKnownFileType = sourcecode.swift; path = NetworkRepository.swift; sourceTree = "<group>"; };
		D99954CA2C0503870048B015 /* NetworkError.swift */ = {isa = PBXFileReference; fileEncoding = 4; lastKnownFileType = sourcecode.swift; path = NetworkError.swift; sourceTree = "<group>"; };
		D99954CB2C0503870048B015 /* ResponseDecoder.swift */ = {isa = PBXFileReference; fileEncoding = 4; lastKnownFileType = sourcecode.swift; path = ResponseDecoder.swift; sourceTree = "<group>"; };
		D99954D92C0503E90048B015 /* Data.swift */ = {isa = PBXFileReference; lastKnownFileType = sourcecode.swift; path = Data.swift; sourceTree = "<group>"; };
		D99954DE2C0504440048B015 /* JSONLoader.swift */ = {isa = PBXFileReference; fileEncoding = 4; lastKnownFileType = sourcecode.swift; path = JSONLoader.swift; sourceTree = "<group>"; };
		D99954DF2C0504440048B015 /* MockNetworkManager.swift */ = {isa = PBXFileReference; fileEncoding = 4; lastKnownFileType = sourcecode.swift; path = MockNetworkManager.swift; sourceTree = "<group>"; };
		D99954E22C0506420048B015 /* Endpoint.swift */ = {isa = PBXFileReference; fileEncoding = 4; lastKnownFileType = sourcecode.swift; path = Endpoint.swift; sourceTree = "<group>"; };
		D99954E32C0506420048B015 /* EndpointPathGenerator.swift */ = {isa = PBXFileReference; fileEncoding = 4; lastKnownFileType = sourcecode.swift; path = EndpointPathGenerator.swift; sourceTree = "<group>"; };
/* End PBXFileReference section */

/* Begin PBXFrameworksBuildPhase section */
		D99954782C0501D20048B015 /* Frameworks */ = {
			isa = PBXFrameworksBuildPhase;
			buildActionMask = 2147483647;
			files = (
			);
			runOnlyForDeploymentPostprocessing = 0;
		};
		D999548E2C0501D50048B015 /* Frameworks */ = {
			isa = PBXFrameworksBuildPhase;
			buildActionMask = 2147483647;
			files = (
			);
			runOnlyForDeploymentPostprocessing = 0;
		};
/* End PBXFrameworksBuildPhase section */

/* Begin PBXGroup section */
		D99954722C0501D20048B015 = {
			isa = PBXGroup;
			children = (
				D999547D2C0501D20048B015 /* GitHub */,
				D99954942C0501D50048B015 /* GitHubTests */,
				D999547C2C0501D20048B015 /* Products */,
			);
			sourceTree = "<group>";
		};
		D999547C2C0501D20048B015 /* Products */ = {
			isa = PBXGroup;
			children = (
				D999547B2C0501D20048B015 /* GitHub.app */,
				D99954912C0501D50048B015 /* GitHubTests.xctest */,
			);
			name = Products;
			sourceTree = "<group>";
		};
		D999547D2C0501D20048B015 /* GitHub */ = {
			isa = PBXGroup;
			children = (
				D99954B42C05022F0048B015 /* Main */,
				D99954AF2C05022F0048B015 /* Configurations */,
				D99954B62C05022F0048B015 /* Resources */,
				D99954D62C0503D00048B015 /* Core */,
				D99954BD2C0503520048B015 /* Services */,
			);
			path = GitHub;
			sourceTree = "<group>";
		};
		D99954942C0501D50048B015 /* GitHubTests */ = {
			isa = PBXGroup;
			children = (
				D99954DB2C05041B0048B015 /* Services */,
			);
			path = GitHubTests;
			sourceTree = "<group>";
		};
		D99954AF2C05022F0048B015 /* Configurations */ = {
			isa = PBXGroup;
			children = (
				D99954AE2C05022F0048B015 /* Info.plist */,
			);
			path = Configurations;
			sourceTree = "<group>";
		};
		D99954B42C05022F0048B015 /* Main */ = {
			isa = PBXGroup;
			children = (
				D99954B02C05022F0048B015 /* AppDelegate.swift */,
				D99954B12C05022F0048B015 /* CommandLineArgumentKey.swift */,
			);
			path = Main;
			sourceTree = "<group>";
		};
		D99954B62C05022F0048B015 /* Resources */ = {
			isa = PBXGroup;
			children = (
				D99954B52C05022F0048B015 /* Assets.xcassets */,
			);
			path = Resources;
			sourceTree = "<group>";
		};
		D99954BD2C0503520048B015 /* Services */ = {
			isa = PBXGroup;
			children = (
				D99954BE2C0503560048B015 /* Remote */,
			);
			path = Services;
			sourceTree = "<group>";
		};
		D99954BE2C0503560048B015 /* Remote */ = {
			isa = PBXGroup;
			children = (
				D99954BF2C0503650048B015 /* Base */,
				D99954E42C0506420048B015 /* EndPoints */,
			);
			path = Remote;
			sourceTree = "<group>";
		};
		D99954BF2C0503650048B015 /* Base */ = {
			isa = PBXGroup;
			children = (
				D99954C72C0503870048B015 /* NetworkManager */,
				D99954C92C0503870048B015 /* NetworkRepository */,
				D99954C42C0503870048B015 /* Request */,
				D99954CC2C0503870048B015 /* Response */,
				D99954C02C0503870048B015 /* GitHubBaseTargetType.swift */,
			);
			path = Base;
			sourceTree = "<group>";
		};
		D99954C42C0503870048B015 /* Request */ = {
			isa = PBXGroup;
			children = (
				D99954C12C0503870048B015 /* HTTPMethod.swift */,
				D99954C22C0503870048B015 /* RequestBuilder.swift */,
				D99954C32C0503870048B015 /* RequestTargetType.swift */,
			);
			path = Request;
			sourceTree = "<group>";
		};
		D99954C72C0503870048B015 /* NetworkManager */ = {
			isa = PBXGroup;
			children = (
				D99954C52C0503870048B015 /* NetworkManager.swift */,
				D99954C62C0503870048B015 /* NetworkManaging.swift */,
			);
			path = NetworkManager;
			sourceTree = "<group>";
		};
		D99954C92C0503870048B015 /* NetworkRepository */ = {
			isa = PBXGroup;
			children = (
				D99954C82C0503870048B015 /* NetworkRepository.swift */,
			);
			path = NetworkRepository;
			sourceTree = "<group>";
		};
		D99954CC2C0503870048B015 /* Response */ = {
			isa = PBXGroup;
			children = (
				D99954CA2C0503870048B015 /* NetworkError.swift */,
				D99954CB2C0503870048B015 /* ResponseDecoder.swift */,
			);
			path = Response;
			sourceTree = "<group>";
		};
		D99954D62C0503D00048B015 /* Core */ = {
			isa = PBXGroup;
			children = (
				D99954D72C0503D90048B015 /* Extensions */,
			);
			path = Core;
			sourceTree = "<group>";
		};
		D99954D72C0503D90048B015 /* Extensions */ = {
			isa = PBXGroup;
			children = (
				D99954D82C0503DF0048B015 /* Foundation */,
			);
			path = Extensions;
			sourceTree = "<group>";
		};
		D99954D82C0503DF0048B015 /* Foundation */ = {
			isa = PBXGroup;
			children = (
				D99954D92C0503E90048B015 /* Data.swift */,
			);
			path = Foundation;
			sourceTree = "<group>";
		};
		D99954DB2C05041B0048B015 /* Services */ = {
			isa = PBXGroup;
			children = (
				D99954DC2C05041F0048B015 /* Remote */,
			);
			path = Services;
			sourceTree = "<group>";
		};
		D99954DC2C05041F0048B015 /* Remote */ = {
			isa = PBXGroup;
			children = (
				D99954DD2C0504240048B015 /* Base */,
			);
			path = Remote;
			sourceTree = "<group>";
		};
		D99954DD2C0504240048B015 /* Base */ = {
			isa = PBXGroup;
			children = (
				D99954DF2C0504440048B015 /* MockNetworkManager.swift */,
				D99954DE2C0504440048B015 /* JSONLoader.swift */,
			);
			path = Base;
			sourceTree = "<group>";
		};
		D99954E42C0506420048B015 /* EndPoints */ = {
			isa = PBXGroup;
			children = (
				D99954E32C0506420048B015 /* EndpointPathGenerator.swift */,
				D99954E22C0506420048B015 /* Endpoint.swift */,
			);
			path = EndPoints;
			sourceTree = "<group>";
		};
/* End PBXGroup section */

/* Begin PBXNativeTarget section */
		D999547A2C0501D20048B015 /* GitHub */ = {
			isa = PBXNativeTarget;
			buildConfigurationList = D99954A52C0501D50048B015 /* Build configuration list for PBXNativeTarget "GitHub" */;
			buildPhases = (
				D99954772C0501D20048B015 /* Sources */,
				D99954782C0501D20048B015 /* Frameworks */,
				D99954792C0501D20048B015 /* Resources */,
			);
			buildRules = (
			);
			dependencies = (
			);
			name = GitHub;
			productName = GitHub;
			productReference = D999547B2C0501D20048B015 /* GitHub.app */;
			productType = "com.apple.product-type.application";
		};
		D99954902C0501D50048B015 /* GitHubTests */ = {
			isa = PBXNativeTarget;
			buildConfigurationList = D99954A82C0501D50048B015 /* Build configuration list for PBXNativeTarget "GitHubTests" */;
			buildPhases = (
				D999548D2C0501D50048B015 /* Sources */,
				D999548E2C0501D50048B015 /* Frameworks */,
				D999548F2C0501D50048B015 /* Resources */,
			);
			buildRules = (
			);
			dependencies = (
				D99954932C0501D50048B015 /* PBXTargetDependency */,
			);
			name = GitHubTests;
			productName = GitHubTests;
			productReference = D99954912C0501D50048B015 /* GitHubTests.xctest */;
			productType = "com.apple.product-type.bundle.unit-test";
		};
/* End PBXNativeTarget section */

/* Begin PBXProject section */
		D99954732C0501D20048B015 /* Project object */ = {
			isa = PBXProject;
			attributes = {
				BuildIndependentTargetsInParallel = 1;
				LastSwiftUpdateCheck = 1540;
				LastUpgradeCheck = 1540;
				TargetAttributes = {
					D999547A2C0501D20048B015 = {
						CreatedOnToolsVersion = 15.4;
					};
					D99954902C0501D50048B015 = {
						CreatedOnToolsVersion = 15.4;
						LastSwiftMigration = 1540;
						TestTargetID = D999547A2C0501D20048B015;
					};
				};
			};
			buildConfigurationList = D99954762C0501D20048B015 /* Build configuration list for PBXProject "GitHub" */;
			compatibilityVersion = "Xcode 14.0";
			developmentRegion = en;
			hasScannedForEncodings = 0;
			knownRegions = (
				en,
				Base,
			);
			mainGroup = D99954722C0501D20048B015;
			productRefGroup = D999547C2C0501D20048B015 /* Products */;
			projectDirPath = "";
			projectRoot = "";
			targets = (
				D999547A2C0501D20048B015 /* GitHub */,
				D99954902C0501D50048B015 /* GitHubTests */,
			);
		};
/* End PBXProject section */

/* Begin PBXResourcesBuildPhase section */
		D99954792C0501D20048B015 /* Resources */ = {
			isa = PBXResourcesBuildPhase;
			buildActionMask = 2147483647;
			files = (
				D99954BC2C05022F0048B015 /* Assets.xcassets in Resources */,
			);
			runOnlyForDeploymentPostprocessing = 0;
		};
		D999548F2C0501D50048B015 /* Resources */ = {
			isa = PBXResourcesBuildPhase;
			buildActionMask = 2147483647;
			files = (
			);
			runOnlyForDeploymentPostprocessing = 0;
		};
/* End PBXResourcesBuildPhase section */

/* Begin PBXSourcesBuildPhase section */
		D99954772C0501D20048B015 /* Sources */ = {
			isa = PBXSourcesBuildPhase;
			buildActionMask = 2147483647;
			files = (
				D99954D32C0503880048B015 /* NetworkRepository.swift in Sources */,
				D99954D02C0503880048B015 /* RequestTargetType.swift in Sources */,
				D99954CF2C0503880048B015 /* RequestBuilder.swift in Sources */,
				D99954E52C0506420048B015 /* Endpoint.swift in Sources */,
				D99954D52C0503880048B015 /* ResponseDecoder.swift in Sources */,
				D99954E62C0506420048B015 /* EndpointPathGenerator.swift in Sources */,
				D99954CE2C0503880048B015 /* HTTPMethod.swift in Sources */,
				D99954D12C0503880048B015 /* NetworkManager.swift in Sources */,
				D99954D22C0503880048B015 /* NetworkManaging.swift in Sources */,
				D99954DA2C0503E90048B015 /* Data.swift in Sources */,
				D99954B92C05022F0048B015 /* CommandLineArgumentKey.swift in Sources */,
				D99954B82C05022F0048B015 /* AppDelegate.swift in Sources */,
				D99954CD2C0503880048B015 /* GitHubBaseTargetType.swift in Sources */,
				D99954D42C0503880048B015 /* NetworkError.swift in Sources */,
			);
			runOnlyForDeploymentPostprocessing = 0;
		};
		D999548D2C0501D50048B015 /* Sources */ = {
			isa = PBXSourcesBuildPhase;
			buildActionMask = 2147483647;
			files = (
				D99954E12C0504440048B015 /* MockNetworkManager.swift in Sources */,
				D99954E02C0504440048B015 /* JSONLoader.swift in Sources */,
			);
			runOnlyForDeploymentPostprocessing = 0;
		};
/* End PBXSourcesBuildPhase section */

/* Begin PBXTargetDependency section */
		D99954932C0501D50048B015 /* PBXTargetDependency */ = {
			isa = PBXTargetDependency;
			target = D999547A2C0501D20048B015 /* GitHub */;
			targetProxy = D99954922C0501D50048B015 /* PBXContainerItemProxy */;
		};
/* End PBXTargetDependency section */

/* Begin XCBuildConfiguration section */
		D99954A32C0501D50048B015 /* Debug */ = {
			isa = XCBuildConfiguration;
			buildSettings = {
				ALWAYS_SEARCH_USER_PATHS = NO;
				ASSETCATALOG_COMPILER_GENERATE_SWIFT_ASSET_SYMBOL_EXTENSIONS = YES;
				CLANG_ANALYZER_NONNULL = YES;
				CLANG_ANALYZER_NUMBER_OBJECT_CONVERSION = YES_AGGRESSIVE;
				CLANG_CXX_LANGUAGE_STANDARD = "gnu++20";
				CLANG_ENABLE_MODULES = YES;
				CLANG_ENABLE_OBJC_ARC = YES;
				CLANG_ENABLE_OBJC_WEAK = YES;
				CLANG_WARN_BLOCK_CAPTURE_AUTORELEASING = YES;
				CLANG_WARN_BOOL_CONVERSION = YES;
				CLANG_WARN_COMMA = YES;
				CLANG_WARN_CONSTANT_CONVERSION = YES;
				CLANG_WARN_DEPRECATED_OBJC_IMPLEMENTATIONS = YES;
				CLANG_WARN_DIRECT_OBJC_ISA_USAGE = YES_ERROR;
				CLANG_WARN_DOCUMENTATION_COMMENTS = YES;
				CLANG_WARN_EMPTY_BODY = YES;
				CLANG_WARN_ENUM_CONVERSION = YES;
				CLANG_WARN_INFINITE_RECURSION = YES;
				CLANG_WARN_INT_CONVERSION = YES;
				CLANG_WARN_NON_LITERAL_NULL_CONVERSION = YES;
				CLANG_WARN_OBJC_IMPLICIT_RETAIN_SELF = YES;
				CLANG_WARN_OBJC_LITERAL_CONVERSION = YES;
				CLANG_WARN_OBJC_ROOT_CLASS = YES_ERROR;
				CLANG_WARN_QUOTED_INCLUDE_IN_FRAMEWORK_HEADER = YES;
				CLANG_WARN_RANGE_LOOP_ANALYSIS = YES;
				CLANG_WARN_STRICT_PROTOTYPES = YES;
				CLANG_WARN_SUSPICIOUS_MOVE = YES;
				CLANG_WARN_UNGUARDED_AVAILABILITY = YES_AGGRESSIVE;
				CLANG_WARN_UNREACHABLE_CODE = YES;
				CLANG_WARN__DUPLICATE_METHOD_MATCH = YES;
				COPY_PHASE_STRIP = NO;
				DEBUG_INFORMATION_FORMAT = dwarf;
				ENABLE_STRICT_OBJC_MSGSEND = YES;
				ENABLE_TESTABILITY = YES;
				ENABLE_USER_SCRIPT_SANDBOXING = YES;
				GCC_C_LANGUAGE_STANDARD = gnu17;
				GCC_DYNAMIC_NO_PIC = NO;
				GCC_NO_COMMON_BLOCKS = YES;
				GCC_OPTIMIZATION_LEVEL = 0;
				GCC_PREPROCESSOR_DEFINITIONS = (
					"DEBUG=1",
					"$(inherited)",
				);
				GCC_WARN_64_TO_32_BIT_CONVERSION = YES;
				GCC_WARN_ABOUT_RETURN_TYPE = YES_ERROR;
				GCC_WARN_UNDECLARED_SELECTOR = YES;
				GCC_WARN_UNINITIALIZED_AUTOS = YES_AGGRESSIVE;
				GCC_WARN_UNUSED_FUNCTION = YES;
				GCC_WARN_UNUSED_VARIABLE = YES;
				IPHONEOS_DEPLOYMENT_TARGET = 17.5;
				LOCALIZATION_PREFERS_STRING_CATALOGS = YES;
				MTL_ENABLE_DEBUG_INFO = INCLUDE_SOURCE;
				MTL_FAST_MATH = YES;
				ONLY_ACTIVE_ARCH = YES;
				SDKROOT = iphoneos;
				SWIFT_ACTIVE_COMPILATION_CONDITIONS = "DEBUG $(inherited)";
				SWIFT_OPTIMIZATION_LEVEL = "-Onone";
			};
			name = Debug;
		};
		D99954A42C0501D50048B015 /* Release */ = {
			isa = XCBuildConfiguration;
			buildSettings = {
				ALWAYS_SEARCH_USER_PATHS = NO;
				ASSETCATALOG_COMPILER_GENERATE_SWIFT_ASSET_SYMBOL_EXTENSIONS = YES;
				CLANG_ANALYZER_NONNULL = YES;
				CLANG_ANALYZER_NUMBER_OBJECT_CONVERSION = YES_AGGRESSIVE;
				CLANG_CXX_LANGUAGE_STANDARD = "gnu++20";
				CLANG_ENABLE_MODULES = YES;
				CLANG_ENABLE_OBJC_ARC = YES;
				CLANG_ENABLE_OBJC_WEAK = YES;
				CLANG_WARN_BLOCK_CAPTURE_AUTORELEASING = YES;
				CLANG_WARN_BOOL_CONVERSION = YES;
				CLANG_WARN_COMMA = YES;
				CLANG_WARN_CONSTANT_CONVERSION = YES;
				CLANG_WARN_DEPRECATED_OBJC_IMPLEMENTATIONS = YES;
				CLANG_WARN_DIRECT_OBJC_ISA_USAGE = YES_ERROR;
				CLANG_WARN_DOCUMENTATION_COMMENTS = YES;
				CLANG_WARN_EMPTY_BODY = YES;
				CLANG_WARN_ENUM_CONVERSION = YES;
				CLANG_WARN_INFINITE_RECURSION = YES;
				CLANG_WARN_INT_CONVERSION = YES;
				CLANG_WARN_NON_LITERAL_NULL_CONVERSION = YES;
				CLANG_WARN_OBJC_IMPLICIT_RETAIN_SELF = YES;
				CLANG_WARN_OBJC_LITERAL_CONVERSION = YES;
				CLANG_WARN_OBJC_ROOT_CLASS = YES_ERROR;
				CLANG_WARN_QUOTED_INCLUDE_IN_FRAMEWORK_HEADER = YES;
				CLANG_WARN_RANGE_LOOP_ANALYSIS = YES;
				CLANG_WARN_STRICT_PROTOTYPES = YES;
				CLANG_WARN_SUSPICIOUS_MOVE = YES;
				CLANG_WARN_UNGUARDED_AVAILABILITY = YES_AGGRESSIVE;
				CLANG_WARN_UNREACHABLE_CODE = YES;
				CLANG_WARN__DUPLICATE_METHOD_MATCH = YES;
				COPY_PHASE_STRIP = NO;
				DEBUG_INFORMATION_FORMAT = "dwarf-with-dsym";
				ENABLE_NS_ASSERTIONS = NO;
				ENABLE_STRICT_OBJC_MSGSEND = YES;
				ENABLE_USER_SCRIPT_SANDBOXING = YES;
				GCC_C_LANGUAGE_STANDARD = gnu17;
				GCC_NO_COMMON_BLOCKS = YES;
				GCC_WARN_64_TO_32_BIT_CONVERSION = YES;
				GCC_WARN_ABOUT_RETURN_TYPE = YES_ERROR;
				GCC_WARN_UNDECLARED_SELECTOR = YES;
				GCC_WARN_UNINITIALIZED_AUTOS = YES_AGGRESSIVE;
				GCC_WARN_UNUSED_FUNCTION = YES;
				GCC_WARN_UNUSED_VARIABLE = YES;
				IPHONEOS_DEPLOYMENT_TARGET = 17.5;
				LOCALIZATION_PREFERS_STRING_CATALOGS = YES;
				MTL_ENABLE_DEBUG_INFO = NO;
				MTL_FAST_MATH = YES;
				SDKROOT = iphoneos;
				SWIFT_COMPILATION_MODE = wholemodule;
				VALIDATE_PRODUCT = YES;
			};
			name = Release;
		};
		D99954A62C0501D50048B015 /* Debug */ = {
			isa = XCBuildConfiguration;
			buildSettings = {
				ASSETCATALOG_COMPILER_APPICON_NAME = AppIcon;
				ASSETCATALOG_COMPILER_GLOBAL_ACCENT_COLOR_NAME = AccentColor;
				CODE_SIGN_STYLE = Automatic;
				CURRENT_PROJECT_VERSION = 1;
				DEVELOPMENT_TEAM = 57CN6FH4FY;
				GENERATE_INFOPLIST_FILE = YES;
				INFOPLIST_FILE = GitHub/Configurations/Info.plist;
				INFOPLIST_KEY_UIApplicationSupportsIndirectInputEvents = YES;
				INFOPLIST_KEY_UILaunchStoryboardName = LaunchScreen;
				INFOPLIST_KEY_UIMainStoryboardFile = Main;
				INFOPLIST_KEY_UISupportedInterfaceOrientations_iPad = "UIInterfaceOrientationPortrait UIInterfaceOrientationPortraitUpsideDown UIInterfaceOrientationLandscapeLeft UIInterfaceOrientationLandscapeRight";
				INFOPLIST_KEY_UISupportedInterfaceOrientations_iPhone = "UIInterfaceOrientationPortrait UIInterfaceOrientationLandscapeLeft UIInterfaceOrientationLandscapeRight";
				LD_RUNPATH_SEARCH_PATHS = (
					"$(inherited)",
					"@executable_path/Frameworks",
				);
				MARKETING_VERSION = 1.0;
				PRODUCT_BUNDLE_IDENTIFIER = com.shimy.GitHub;
				PRODUCT_NAME = "$(TARGET_NAME)";
				SWIFT_EMIT_LOC_STRINGS = YES;
				SWIFT_VERSION = 5.0;
				TARGETED_DEVICE_FAMILY = "1,2";
			};
			name = Debug;
		};
		D99954A72C0501D50048B015 /* Release */ = {
			isa = XCBuildConfiguration;
			buildSettings = {
				ASSETCATALOG_COMPILER_APPICON_NAME = AppIcon;
				ASSETCATALOG_COMPILER_GLOBAL_ACCENT_COLOR_NAME = AccentColor;
				CODE_SIGN_STYLE = Automatic;
				CURRENT_PROJECT_VERSION = 1;
				DEVELOPMENT_TEAM = 57CN6FH4FY;
				GENERATE_INFOPLIST_FILE = YES;
				INFOPLIST_FILE = GitHub/Configurations/Info.plist;
				INFOPLIST_KEY_UIApplicationSupportsIndirectInputEvents = YES;
				INFOPLIST_KEY_UILaunchStoryboardName = LaunchScreen;
				INFOPLIST_KEY_UIMainStoryboardFile = Main;
				INFOPLIST_KEY_UISupportedInterfaceOrientations_iPad = "UIInterfaceOrientationPortrait UIInterfaceOrientationPortraitUpsideDown UIInterfaceOrientationLandscapeLeft UIInterfaceOrientationLandscapeRight";
				INFOPLIST_KEY_UISupportedInterfaceOrientations_iPhone = "UIInterfaceOrientationPortrait UIInterfaceOrientationLandscapeLeft UIInterfaceOrientationLandscapeRight";
				LD_RUNPATH_SEARCH_PATHS = (
					"$(inherited)",
					"@executable_path/Frameworks",
				);
				MARKETING_VERSION = 1.0;
				PRODUCT_BUNDLE_IDENTIFIER = com.shimy.GitHub;
				PRODUCT_NAME = "$(TARGET_NAME)";
				SWIFT_EMIT_LOC_STRINGS = YES;
				SWIFT_VERSION = 5.0;
				TARGETED_DEVICE_FAMILY = "1,2";
			};
			name = Release;
		};
		D99954A92C0501D50048B015 /* Debug */ = {
			isa = XCBuildConfiguration;
			buildSettings = {
				ALWAYS_EMBED_SWIFT_STANDARD_LIBRARIES = YES;
				BUNDLE_LOADER = "$(TEST_HOST)";
				CLANG_ENABLE_MODULES = YES;
				CODE_SIGN_STYLE = Automatic;
				CURRENT_PROJECT_VERSION = 1;
				DEVELOPMENT_TEAM = 57CN6FH4FY;
				GENERATE_INFOPLIST_FILE = YES;
				IPHONEOS_DEPLOYMENT_TARGET = 17.5;
				MARKETING_VERSION = 1.0;
				PRODUCT_BUNDLE_IDENTIFIER = com.shimy.GitHubTests;
				PRODUCT_NAME = "$(TARGET_NAME)";
				SWIFT_EMIT_LOC_STRINGS = NO;
				SWIFT_OPTIMIZATION_LEVEL = "-Onone";
				SWIFT_VERSION = 5.0;
				TARGETED_DEVICE_FAMILY = "1,2";
				TEST_HOST = "$(BUILT_PRODUCTS_DIR)/GitHub.app/$(BUNDLE_EXECUTABLE_FOLDER_PATH)/GitHub";
			};
			name = Debug;
		};
		D99954AA2C0501D50048B015 /* Release */ = {
			isa = XCBuildConfiguration;
			buildSettings = {
				ALWAYS_EMBED_SWIFT_STANDARD_LIBRARIES = YES;
				BUNDLE_LOADER = "$(TEST_HOST)";
				CLANG_ENABLE_MODULES = YES;
				CODE_SIGN_STYLE = Automatic;
				CURRENT_PROJECT_VERSION = 1;
				DEVELOPMENT_TEAM = 57CN6FH4FY;
				GENERATE_INFOPLIST_FILE = YES;
				IPHONEOS_DEPLOYMENT_TARGET = 17.5;
				MARKETING_VERSION = 1.0;
				PRODUCT_BUNDLE_IDENTIFIER = com.shimy.GitHubTests;
				PRODUCT_NAME = "$(TARGET_NAME)";
				SWIFT_EMIT_LOC_STRINGS = NO;
				SWIFT_VERSION = 5.0;
				TARGETED_DEVICE_FAMILY = "1,2";
				TEST_HOST = "$(BUILT_PRODUCTS_DIR)/GitHub.app/$(BUNDLE_EXECUTABLE_FOLDER_PATH)/GitHub";
			};
			name = Release;
		};
/* End XCBuildConfiguration section */

/* Begin XCConfigurationList section */
		D99954762C0501D20048B015 /* Build configuration list for PBXProject "GitHub" */ = {
			isa = XCConfigurationList;
			buildConfigurations = (
				D99954A32C0501D50048B015 /* Debug */,
				D99954A42C0501D50048B015 /* Release */,
			);
			defaultConfigurationIsVisible = 0;
			defaultConfigurationName = Release;
		};
		D99954A52C0501D50048B015 /* Build configuration list for PBXNativeTarget "GitHub" */ = {
			isa = XCConfigurationList;
			buildConfigurations = (
				D99954A62C0501D50048B015 /* Debug */,
				D99954A72C0501D50048B015 /* Release */,
			);
			defaultConfigurationIsVisible = 0;
			defaultConfigurationName = Release;
		};
		D99954A82C0501D50048B015 /* Build configuration list for PBXNativeTarget "GitHubTests" */ = {
			isa = XCConfigurationList;
			buildConfigurations = (
				D99954A92C0501D50048B015 /* Debug */,
				D99954AA2C0501D50048B015 /* Release */,
			);
			defaultConfigurationIsVisible = 0;
			defaultConfigurationName = Release;
		};
/* End XCConfigurationList section */
	};
	rootObject = D99954732C0501D20048B015 /* Project object */;
}
