// !$*UTF8*$!
{
	archiveVersion = 1;
	classes = {
	};
	objectVersion = 56;
	objects = {

/* Begin PBXBuildFile section */
		D99954B82C05022F0048B015 /* AppDelegate.swift in Sources */ = {isa = PBXBuildFile; fileRef = D99954B02C05022F0048B015 /* AppDelegate.swift */; };
		D99954B92C05022F0048B015 /* CommandLineArgumentKey.swift in Sources */ = {isa = PBXBuildFile; fileRef = D99954B12C05022F0048B015 /* CommandLineArgumentKey.swift */; };
		D99954BC2C05022F0048B015 /* Assets.xcassets in Resources */ = {isa = PBXBuildFile; fileRef = D99954B52C05022F0048B015 /* Assets.xcassets */; };
		D99954CD2C0503880048B015 /* GitHubBaseTargetType.swift in Sources */ = {isa = PBXBuildFile; fileRef = D99954C02C0503870048B015 /* GitHubBaseTargetType.swift */; };
		D99954CE2C0503880048B015 /* HTTPMethod.swift in Sources */ = {isa = PBXBuildFile; fileRef = D99954C12C0503870048B015 /* HTTPMethod.swift */; };
		D99954CF2C0503880048B015 /* RequestBuilder.swift in Sources */ = {isa = PBXBuildFile; fileRef = D99954C22C0503870048B015 /* RequestBuilder.swift */; };
		D99954D02C0503880048B015 /* RequestTargetType.swift in Sources */ = {isa = PBXBuildFile; fileRef = D99954C32C0503870048B015 /* RequestTargetType.swift */; };
		D99954D12C0503880048B015 /* NetworkManager.swift in Sources */ = {isa = PBXBuildFile; fileRef = D99954C52C0503870048B015 /* NetworkManager.swift */; };
		D99954D22C0503880048B015 /* NetworkManaging.swift in Sources */ = {isa = PBXBuildFile; fileRef = D99954C62C0503870048B015 /* NetworkManaging.swift */; };
		D99954D32C0503880048B015 /* NetworkRepository.swift in Sources */ = {isa = PBXBuildFile; fileRef = D99954C82C0503870048B015 /* NetworkRepository.swift */; };
		D99954D42C0503880048B015 /* NetworkError.swift in Sources */ = {isa = PBXBuildFile; fileRef = D99954CA2C0503870048B015 /* NetworkError.swift */; };
		D99954D52C0503880048B015 /* ResponseDecoder.swift in Sources */ = {isa = PBXBuildFile; fileRef = D99954CB2C0503870048B015 /* ResponseDecoder.swift */; };
		D99954DA2C0503E90048B015 /* Data.swift in Sources */ = {isa = PBXBuildFile; fileRef = D99954D92C0503E90048B015 /* Data.swift */; };
		D99954E02C0504440048B015 /* JSONLoader.swift in Sources */ = {isa = PBXBuildFile; fileRef = D99954DE2C0504440048B015 /* JSONLoader.swift */; };
		D99954E12C0504440048B015 /* MockNetworkManager.swift in Sources */ = {isa = PBXBuildFile; fileRef = D99954DF2C0504440048B015 /* MockNetworkManager.swift */; };
		D99954E52C0506420048B015 /* Endpoint.swift in Sources */ = {isa = PBXBuildFile; fileRef = D99954E22C0506420048B015 /* Endpoint.swift */; };
		D99954E62C0506420048B015 /* EndpointPathGenerator.swift in Sources */ = {isa = PBXBuildFile; fileRef = D99954E32C0506420048B015 /* EndpointPathGenerator.swift */; };
		D99954EC2C05106E0048B015 /* UserResponse.swift in Sources */ = {isa = PBXBuildFile; fileRef = D99954EA2C05106E0048B015 /* UserResponse.swift */; };
		D99954ED2C05106E0048B015 /* UsersRequestParameters.swift in Sources */ = {isa = PBXBuildFile; fileRef = D99954EB2C05106E0048B015 /* UsersRequestParameters.swift */; };
		D99954F12C0510AB0048B015 /* UsersRepositoryProtocol.swift in Sources */ = {isa = PBXBuildFile; fileRef = D99954EE2C0510AB0048B015 /* UsersRepositoryProtocol.swift */; };
		D99954F22C0510AB0048B015 /* UsersRepository.swift in Sources */ = {isa = PBXBuildFile; fileRef = D99954EF2C0510AB0048B015 /* UsersRepository.swift */; };
		D99954F32C0510AB0048B015 /* UsersAPI.swift in Sources */ = {isa = PBXBuildFile; fileRef = D99954F02C0510AB0048B015 /* UsersAPI.swift */; };
		D99954F52C0510E00048B015 /* Encodable.swift in Sources */ = {isa = PBXBuildFile; fileRef = D99954F42C0510E00048B015 /* Encodable.swift */; };
		D99954FC2C0511200048B015 /* users-0.json in Resources */ = {isa = PBXBuildFile; fileRef = D99954F92C0511200048B015 /* users-0.json */; };
		D99954FD2C0511200048B015 /* users-46.json in Resources */ = {isa = PBXBuildFile; fileRef = D99954FA2C0511200048B015 /* users-46.json */; };
		D99954FE2C0511200048B015 /* users-91.json in Resources */ = {isa = PBXBuildFile; fileRef = D99954FB2C0511200048B015 /* users-91.json */; };
		D99955042C0514E50048B015 /* RepositoryResponse.swift in Sources */ = {isa = PBXBuildFile; fileRef = D99955012C0514E50048B015 /* RepositoryResponse.swift */; };
		D99955052C0514E50048B015 /* RepositoryLicenseResponse.swift in Sources */ = {isa = PBXBuildFile; fileRef = D99955022C0514E50048B015 /* RepositoryLicenseResponse.swift */; };
		D99955062C0514E50048B015 /* UserRepositoriesRequestParameters.swift in Sources */ = {isa = PBXBuildFile; fileRef = D99955032C0514E50048B015 /* UserRepositoriesRequestParameters.swift */; };
		D999550A2C0515210048B015 /* UserRepositoriesRepositoryProtocol.swift in Sources */ = {isa = PBXBuildFile; fileRef = D99955072C0515210048B015 /* UserRepositoriesRepositoryProtocol.swift */; };
		D999550B2C0515210048B015 /* UserRepositoriesRepository.swift in Sources */ = {isa = PBXBuildFile; fileRef = D99955082C0515210048B015 /* UserRepositoriesRepository.swift */; };
		D999550C2C0515210048B015 /* UserRepositoriesAPI.swift in Sources */ = {isa = PBXBuildFile; fileRef = D99955092C0515210048B015 /* UserRepositoriesAPI.swift */; };
		D99955112C0515580048B015 /* defunkt.json in Resources */ = {isa = PBXBuildFile; fileRef = D999550F2C0515580048B015 /* defunkt.json */; };
		D99955122C0515580048B015 /* defunkt-repos.json in Resources */ = {isa = PBXBuildFile; fileRef = D99955102C0515580048B015 /* defunkt-repos.json */; };
		D99955172C05173B0048B015 /* RepositoryForkersRequestParameters.swift in Sources */ = {isa = PBXBuildFile; fileRef = D99955152C05173B0048B015 /* RepositoryForkersRequestParameters.swift */; };
		D99955182C05173B0048B015 /* RepositoryForkerResponse.swift in Sources */ = {isa = PBXBuildFile; fileRef = D99955162C05173B0048B015 /* RepositoryForkerResponse.swift */; };
		D999551C2C0517770048B015 /* RepositoryForkRepositoryProtocol.swift in Sources */ = {isa = PBXBuildFile; fileRef = D99955192C0517770048B015 /* RepositoryForkRepositoryProtocol.swift */; };
		D999551D2C0517770048B015 /* RepositoryForkRepository.swift in Sources */ = {isa = PBXBuildFile; fileRef = D999551A2C0517770048B015 /* RepositoryForkRepository.swift */; };
		D999551E2C0517770048B015 /* RepositoryForkAPI.swift in Sources */ = {isa = PBXBuildFile; fileRef = D999551B2C0517770048B015 /* RepositoryForkAPI.swift */; };
		D99955232C0517BB0048B015 /* defunkt-dotjs-forks.json in Resources */ = {isa = PBXBuildFile; fileRef = D99955212C0517BB0048B015 /* defunkt-dotjs-forks.json */; };
		D99955242C0517BB0048B015 /* defunkt-dotjs.json in Resources */ = {isa = PBXBuildFile; fileRef = D99955222C0517BB0048B015 /* defunkt-dotjs.json */; };
		D99955292C051B960048B015 /* User.swift in Sources */ = {isa = PBXBuildFile; fileRef = D99955282C051B960048B015 /* User.swift */; };
		D999552D2C051BCD0048B015 /* UsersListViewModel.swift in Sources */ = {isa = PBXBuildFile; fileRef = D999552B2C051BCD0048B015 /* UsersListViewModel.swift */; };
		D999552E2C051BCD0048B015 /* UsersListViewModelProtocol.swift in Sources */ = {isa = PBXBuildFile; fileRef = D999552C2C051BCD0048B015 /* UsersListViewModelProtocol.swift */; };
		D99955312C051C170048B015 /* Combine+typealias.swift in Sources */ = {isa = PBXBuildFile; fileRef = D99955302C051C170048B015 /* Combine+typealias.swift */; };
		D99955362C051F800048B015 /* UsersListViewController.swift in Sources */ = {isa = PBXBuildFile; fileRef = D99955352C051F800048B015 /* UsersListViewController.swift */; };
		D999553A2C051FAE0048B015 /* ViewController.swift in Sources */ = {isa = PBXBuildFile; fileRef = D99955392C051FAE0048B015 /* ViewController.swift */; };
		D999553D2C051FEC0048B015 /* MainUINavigationDestination.swift in Sources */ = {isa = PBXBuildFile; fileRef = D999553B2C051FEB0048B015 /* MainUINavigationDestination.swift */; };
		D999553E2C051FEC0048B015 /* MainUIRouter.swift in Sources */ = {isa = PBXBuildFile; fileRef = D999553C2C051FEB0048B015 /* MainUIRouter.swift */; };
		D99955432C05203D0048B015 /* UINavigable.swift in Sources */ = {isa = PBXBuildFile; fileRef = D99955402C05203D0048B015 /* UINavigable.swift */; };
		D99955442C05203D0048B015 /* UIRouter.swift in Sources */ = {isa = PBXBuildFile; fileRef = D99955412C05203D0048B015 /* UIRouter.swift */; };
		D99955472C05206D0048B015 /* UsersListUIRouter.swift in Sources */ = {isa = PBXBuildFile; fileRef = D99955462C05206D0048B015 /* UsersListUIRouter.swift */; };
		D999554C2C0520C90048B015 /* UIView.swift in Sources */ = {isa = PBXBuildFile; fileRef = D99955492C0520C80048B015 /* UIView.swift */; };
		D999554D2C0520C90048B015 /* UITableView+RegisterDequeue.swift in Sources */ = {isa = PBXBuildFile; fileRef = D999554A2C0520C80048B015 /* UITableView+RegisterDequeue.swift */; };
		D999554E2C0520C90048B015 /* UIViewController+Alert.swift in Sources */ = {isa = PBXBuildFile; fileRef = D999554B2C0520C80048B015 /* UIViewController+Alert.swift */; };
		D99955522C0520F50048B015 /* UserTableViewCell.swift in Sources */ = {isa = PBXBuildFile; fileRef = D999554F2C0520F50048B015 /* UserTableViewCell.swift */; };
		D99955532C0520F50048B015 /* UserTableViewCell.xib in Resources */ = {isa = PBXBuildFile; fileRef = D99955502C0520F50048B015 /* UserTableViewCell.xib */; };
		D99955562C0521E00048B015 /* UsersViewModelTests.swift in Sources */ = {isa = PBXBuildFile; fileRef = D99955552C0521E00048B015 /* UsersViewModelTests.swift */; };
		D99955592C0522080048B015 /* TestCase.swift in Sources */ = {isa = PBXBuildFile; fileRef = D99955572C0522080048B015 /* TestCase.swift */; };
		D999555D2C0523EB0048B015 /* UIImageCache.swift in Sources */ = {isa = PBXBuildFile; fileRef = D999555A2C0523EB0048B015 /* UIImageCache.swift */; };
		D999555E2C0523EB0048B015 /* UIImageLoader.swift in Sources */ = {isa = PBXBuildFile; fileRef = D999555B2C0523EB0048B015 /* UIImageLoader.swift */; };
		D99955612C05242C0048B015 /* ImageView+LoadImage.swift in Sources */ = {isa = PBXBuildFile; fileRef = D999555F2C05242C0048B015 /* ImageView+LoadImage.swift */; };
		D99955622C05242C0048B015 /* UIImage+Predefined.swift in Sources */ = {isa = PBXBuildFile; fileRef = D99955602C05242C0048B015 /* UIImage+Predefined.swift */; };
		D99955732C05271B0048B015 /* Repository.swift in Sources */ = {isa = PBXBuildFile; fileRef = D99955632C05271B0048B015 /* Repository.swift */; };
		D99955742C05271B0048B015 /* RepositoryLicense.swift in Sources */ = {isa = PBXBuildFile; fileRef = D99955642C05271B0048B015 /* RepositoryLicense.swift */; };
		D99955752C05271B0048B015 /* UserRepositoriesUIRouter.swift in Sources */ = {isa = PBXBuildFile; fileRef = D99955662C05271B0048B015 /* UserRepositoriesUIRouter.swift */; };
		D99955762C05271B0048B015 /* RepositoryTableViewCell.swift in Sources */ = {isa = PBXBuildFile; fileRef = D99955682C05271B0048B015 /* RepositoryTableViewCell.swift */; };
		D99955772C05271B0048B015 /* RepositoryTableViewCell.xib in Resources */ = {isa = PBXBuildFile; fileRef = D99955692C05271B0048B015 /* RepositoryTableViewCell.xib */; };
		D99955782C05271B0048B015 /* UserRepositoriesViewController.swift in Sources */ = {isa = PBXBuildFile; fileRef = D999556C2C05271B0048B015 /* UserRepositoriesViewController.swift */; };
		D99955792C05271B0048B015 /* UserRepositoriesViewModel.swift in Sources */ = {isa = PBXBuildFile; fileRef = D999556F2C05271B0048B015 /* UserRepositoriesViewModel.swift */; };
		D999557A2C05271B0048B015 /* UserRepositoriesViewModelProtocol.swift in Sources */ = {isa = PBXBuildFile; fileRef = D99955702C05271B0048B015 /* UserRepositoriesViewModelProtocol.swift */; };
		D999557D2C05279D0048B015 /* UserRepositoriesViewModelTests.swift in Sources */ = {isa = PBXBuildFile; fileRef = D999557B2C05279C0048B015 /* UserRepositoriesViewModelTests.swift */; };
		D99955852C05295F0048B015 /* RepositoryForkersViewController.swift in Sources */ = {isa = PBXBuildFile; fileRef = D999557E2C05295F0048B015 /* RepositoryForkersViewController.swift */; };
		D99955862C05295F0048B015 /* RepositoryForkersViewModel.swift in Sources */ = {isa = PBXBuildFile; fileRef = D99955812C05295F0048B015 /* RepositoryForkersViewModel.swift */; };
		D99955872C05295F0048B015 /* RepositoryForkersViewModelProtocol.swift in Sources */ = {isa = PBXBuildFile; fileRef = D99955822C05295F0048B015 /* RepositoryForkersViewModelProtocol.swift */; };
		D999558A2C05297D0048B015 /* RepositoryForkersViewModelTests.swift in Sources */ = {isa = PBXBuildFile; fileRef = D99955882C05297D0048B015 /* RepositoryForkersViewModelTests.swift */; };
/* End PBXBuildFile section */

/* Begin PBXContainerItemProxy section */
		D99954922C0501D50048B015 /* PBXContainerItemProxy */ = {
			isa = PBXContainerItemProxy;
			containerPortal = D99954732C0501D20048B015 /* Project object */;
			proxyType = 1;
			remoteGlobalIDString = D999547A2C0501D20048B015;
			remoteInfo = GitHub;
		};
/* End PBXContainerItemProxy section */

/* Begin PBXFileReference section */
		D999547B2C0501D20048B015 /* GitHub.app */ = {isa = PBXFileReference; explicitFileType = wrapper.application; includeInIndex = 0; path = GitHub.app; sourceTree = BUILT_PRODUCTS_DIR; };
		D99954912C0501D50048B015 /* GitHubTests.xctest */ = {isa = PBXFileReference; explicitFileType = wrapper.cfbundle; includeInIndex = 0; path = GitHubTests.xctest; sourceTree = BUILT_PRODUCTS_DIR; };
		D99954AE2C05022F0048B015 /* Info.plist */ = {isa = PBXFileReference; fileEncoding = 4; lastKnownFileType = text.plist.xml; path = Info.plist; sourceTree = "<group>"; };
		D99954B02C05022F0048B015 /* AppDelegate.swift */ = {isa = PBXFileReference; fileEncoding = 4; lastKnownFileType = sourcecode.swift; path = AppDelegate.swift; sourceTree = "<group>"; };
		D99954B12C05022F0048B015 /* CommandLineArgumentKey.swift */ = {isa = PBXFileReference; fileEncoding = 4; lastKnownFileType = sourcecode.swift; path = CommandLineArgumentKey.swift; sourceTree = "<group>"; };
		D99954B52C05022F0048B015 /* Assets.xcassets */ = {isa = PBXFileReference; lastKnownFileType = folder.assetcatalog; path = Assets.xcassets; sourceTree = "<group>"; };
		D99954C02C0503870048B015 /* GitHubBaseTargetType.swift */ = {isa = PBXFileReference; fileEncoding = 4; lastKnownFileType = sourcecode.swift; path = GitHubBaseTargetType.swift; sourceTree = "<group>"; };
		D99954C12C0503870048B015 /* HTTPMethod.swift */ = {isa = PBXFileReference; fileEncoding = 4; lastKnownFileType = sourcecode.swift; path = HTTPMethod.swift; sourceTree = "<group>"; };
		D99954C22C0503870048B015 /* RequestBuilder.swift */ = {isa = PBXFileReference; fileEncoding = 4; lastKnownFileType = sourcecode.swift; path = RequestBuilder.swift; sourceTree = "<group>"; };
		D99954C32C0503870048B015 /* RequestTargetType.swift */ = {isa = PBXFileReference; fileEncoding = 4; lastKnownFileType = sourcecode.swift; path = RequestTargetType.swift; sourceTree = "<group>"; };
		D99954C52C0503870048B015 /* NetworkManager.swift */ = {isa = PBXFileReference; fileEncoding = 4; lastKnownFileType = sourcecode.swift; path = NetworkManager.swift; sourceTree = "<group>"; };
		D99954C62C0503870048B015 /* NetworkManaging.swift */ = {isa = PBXFileReference; fileEncoding = 4; lastKnownFileType = sourcecode.swift; path = NetworkManaging.swift; sourceTree = "<group>"; };
		D99954C82C0503870048B015 /* NetworkRepository.swift */ = {isa = PBXFileReference; fileEncoding = 4; lastKnownFileType = sourcecode.swift; path = NetworkRepository.swift; sourceTree = "<group>"; };
		D99954CA2C0503870048B015 /* NetworkError.swift */ = {isa = PBXFileReference; fileEncoding = 4; lastKnownFileType = sourcecode.swift; path = NetworkError.swift; sourceTree = "<group>"; };
		D99954CB2C0503870048B015 /* ResponseDecoder.swift */ = {isa = PBXFileReference; fileEncoding = 4; lastKnownFileType = sourcecode.swift; path = ResponseDecoder.swift; sourceTree = "<group>"; };
		D99954D92C0503E90048B015 /* Data.swift */ = {isa = PBXFileReference; lastKnownFileType = sourcecode.swift; path = Data.swift; sourceTree = "<group>"; };
		D99954DE2C0504440048B015 /* JSONLoader.swift */ = {isa = PBXFileReference; fileEncoding = 4; lastKnownFileType = sourcecode.swift; path = JSONLoader.swift; sourceTree = "<group>"; };
		D99954DF2C0504440048B015 /* MockNetworkManager.swift */ = {isa = PBXFileReference; fileEncoding = 4; lastKnownFileType = sourcecode.swift; path = MockNetworkManager.swift; sourceTree = "<group>"; };
		D99954E22C0506420048B015 /* Endpoint.swift */ = {isa = PBXFileReference; fileEncoding = 4; lastKnownFileType = sourcecode.swift; path = Endpoint.swift; sourceTree = "<group>"; };
		D99954E32C0506420048B015 /* EndpointPathGenerator.swift */ = {isa = PBXFileReference; fileEncoding = 4; lastKnownFileType = sourcecode.swift; path = EndpointPathGenerator.swift; sourceTree = "<group>"; };
		D99954EA2C05106E0048B015 /* UserResponse.swift */ = {isa = PBXFileReference; fileEncoding = 4; lastKnownFileType = sourcecode.swift; path = UserResponse.swift; sourceTree = "<group>"; };
		D99954EB2C05106E0048B015 /* UsersRequestParameters.swift */ = {isa = PBXFileReference; fileEncoding = 4; lastKnownFileType = sourcecode.swift; path = UsersRequestParameters.swift; sourceTree = "<group>"; };
		D99954EE2C0510AB0048B015 /* UsersRepositoryProtocol.swift */ = {isa = PBXFileReference; fileEncoding = 4; lastKnownFileType = sourcecode.swift; path = UsersRepositoryProtocol.swift; sourceTree = "<group>"; };
		D99954EF2C0510AB0048B015 /* UsersRepository.swift */ = {isa = PBXFileReference; fileEncoding = 4; lastKnownFileType = sourcecode.swift; path = UsersRepository.swift; sourceTree = "<group>"; };
		D99954F02C0510AB0048B015 /* UsersAPI.swift */ = {isa = PBXFileReference; fileEncoding = 4; lastKnownFileType = sourcecode.swift; path = UsersAPI.swift; sourceTree = "<group>"; };
		D99954F42C0510E00048B015 /* Encodable.swift */ = {isa = PBXFileReference; lastKnownFileType = sourcecode.swift; path = Encodable.swift; sourceTree = "<group>"; };
		D99954F92C0511200048B015 /* users-0.json */ = {isa = PBXFileReference; fileEncoding = 4; lastKnownFileType = text.json; path = "users-0.json"; sourceTree = "<group>"; };
		D99954FA2C0511200048B015 /* users-46.json */ = {isa = PBXFileReference; fileEncoding = 4; lastKnownFileType = text.json; path = "users-46.json"; sourceTree = "<group>"; };
		D99954FB2C0511200048B015 /* users-91.json */ = {isa = PBXFileReference; fileEncoding = 4; lastKnownFileType = text.json; path = "users-91.json"; sourceTree = "<group>"; };
		D99955012C0514E50048B015 /* RepositoryResponse.swift */ = {isa = PBXFileReference; fileEncoding = 4; lastKnownFileType = sourcecode.swift; path = RepositoryResponse.swift; sourceTree = "<group>"; };
		D99955022C0514E50048B015 /* RepositoryLicenseResponse.swift */ = {isa = PBXFileReference; fileEncoding = 4; lastKnownFileType = sourcecode.swift; path = RepositoryLicenseResponse.swift; sourceTree = "<group>"; };
		D99955032C0514E50048B015 /* UserRepositoriesRequestParameters.swift */ = {isa = PBXFileReference; fileEncoding = 4; lastKnownFileType = sourcecode.swift; path = UserRepositoriesRequestParameters.swift; sourceTree = "<group>"; };
		D99955072C0515210048B015 /* UserRepositoriesRepositoryProtocol.swift */ = {isa = PBXFileReference; fileEncoding = 4; lastKnownFileType = sourcecode.swift; path = UserRepositoriesRepositoryProtocol.swift; sourceTree = "<group>"; };
		D99955082C0515210048B015 /* UserRepositoriesRepository.swift */ = {isa = PBXFileReference; fileEncoding = 4; lastKnownFileType = sourcecode.swift; path = UserRepositoriesRepository.swift; sourceTree = "<group>"; };
		D99955092C0515210048B015 /* UserRepositoriesAPI.swift */ = {isa = PBXFileReference; fileEncoding = 4; lastKnownFileType = sourcecode.swift; path = UserRepositoriesAPI.swift; sourceTree = "<group>"; };
		D999550F2C0515580048B015 /* defunkt.json */ = {isa = PBXFileReference; fileEncoding = 4; lastKnownFileType = text.json; path = defunkt.json; sourceTree = "<group>"; };
		D99955102C0515580048B015 /* defunkt-repos.json */ = {isa = PBXFileReference; fileEncoding = 4; lastKnownFileType = text.json; path = "defunkt-repos.json"; sourceTree = "<group>"; };
		D99955152C05173B0048B015 /* RepositoryForkersRequestParameters.swift */ = {isa = PBXFileReference; fileEncoding = 4; lastKnownFileType = sourcecode.swift; path = RepositoryForkersRequestParameters.swift; sourceTree = "<group>"; };
		D99955162C05173B0048B015 /* RepositoryForkerResponse.swift */ = {isa = PBXFileReference; fileEncoding = 4; lastKnownFileType = sourcecode.swift; path = RepositoryForkerResponse.swift; sourceTree = "<group>"; };
		D99955192C0517770048B015 /* RepositoryForkRepositoryProtocol.swift */ = {isa = PBXFileReference; fileEncoding = 4; lastKnownFileType = sourcecode.swift; path = RepositoryForkRepositoryProtocol.swift; sourceTree = "<group>"; };
		D999551A2C0517770048B015 /* RepositoryForkRepository.swift */ = {isa = PBXFileReference; fileEncoding = 4; lastKnownFileType = sourcecode.swift; path = RepositoryForkRepository.swift; sourceTree = "<group>"; };
		D999551B2C0517770048B015 /* RepositoryForkAPI.swift */ = {isa = PBXFileReference; fileEncoding = 4; lastKnownFileType = sourcecode.swift; path = RepositoryForkAPI.swift; sourceTree = "<group>"; };
		D99955212C0517BB0048B015 /* defunkt-dotjs-forks.json */ = {isa = PBXFileReference; fileEncoding = 4; lastKnownFileType = text.json; path = "defunkt-dotjs-forks.json"; sourceTree = "<group>"; };
		D99955222C0517BB0048B015 /* defunkt-dotjs.json */ = {isa = PBXFileReference; fileEncoding = 4; lastKnownFileType = text.json; path = "defunkt-dotjs.json"; sourceTree = "<group>"; };
		D99955282C051B960048B015 /* User.swift */ = {isa = PBXFileReference; lastKnownFileType = sourcecode.swift; path = User.swift; sourceTree = "<group>"; };
		D999552B2C051BCD0048B015 /* UsersListViewModel.swift */ = {isa = PBXFileReference; fileEncoding = 4; lastKnownFileType = sourcecode.swift; path = UsersListViewModel.swift; sourceTree = "<group>"; };
		D999552C2C051BCD0048B015 /* UsersListViewModelProtocol.swift */ = {isa = PBXFileReference; fileEncoding = 4; lastKnownFileType = sourcecode.swift; path = UsersListViewModelProtocol.swift; sourceTree = "<group>"; };
		D99955302C051C170048B015 /* Combine+typealias.swift */ = {isa = PBXFileReference; lastKnownFileType = sourcecode.swift; path = "Combine+typealias.swift"; sourceTree = "<group>"; };
		D99955352C051F800048B015 /* UsersListViewController.swift */ = {isa = PBXFileReference; fileEncoding = 4; lastKnownFileType = sourcecode.swift; path = UsersListViewController.swift; sourceTree = "<group>"; };
		D99955392C051FAE0048B015 /* ViewController.swift */ = {isa = PBXFileReference; lastKnownFileType = sourcecode.swift; path = ViewController.swift; sourceTree = "<group>"; };
		D999553B2C051FEB0048B015 /* MainUINavigationDestination.swift */ = {isa = PBXFileReference; fileEncoding = 4; lastKnownFileType = sourcecode.swift; path = MainUINavigationDestination.swift; sourceTree = "<group>"; };
		D999553C2C051FEB0048B015 /* MainUIRouter.swift */ = {isa = PBXFileReference; fileEncoding = 4; lastKnownFileType = sourcecode.swift; path = MainUIRouter.swift; sourceTree = "<group>"; };
		D99955402C05203D0048B015 /* UINavigable.swift */ = {isa = PBXFileReference; fileEncoding = 4; lastKnownFileType = sourcecode.swift; path = UINavigable.swift; sourceTree = "<group>"; };
		D99955412C05203D0048B015 /* UIRouter.swift */ = {isa = PBXFileReference; fileEncoding = 4; lastKnownFileType = sourcecode.swift; path = UIRouter.swift; sourceTree = "<group>"; };
		D99955462C05206D0048B015 /* UsersListUIRouter.swift */ = {isa = PBXFileReference; lastKnownFileType = sourcecode.swift; path = UsersListUIRouter.swift; sourceTree = "<group>"; };
		D99955492C0520C80048B015 /* UIView.swift */ = {isa = PBXFileReference; fileEncoding = 4; lastKnownFileType = sourcecode.swift; path = UIView.swift; sourceTree = "<group>"; };
		D999554A2C0520C80048B015 /* UITableView+RegisterDequeue.swift */ = {isa = PBXFileReference; fileEncoding = 4; lastKnownFileType = sourcecode.swift; path = "UITableView+RegisterDequeue.swift"; sourceTree = "<group>"; };
		D999554B2C0520C80048B015 /* UIViewController+Alert.swift */ = {isa = PBXFileReference; fileEncoding = 4; lastKnownFileType = sourcecode.swift; path = "UIViewController+Alert.swift"; sourceTree = "<group>"; };
		D999554F2C0520F50048B015 /* UserTableViewCell.swift */ = {isa = PBXFileReference; fileEncoding = 4; lastKnownFileType = sourcecode.swift; path = UserTableViewCell.swift; sourceTree = "<group>"; };
		D99955502C0520F50048B015 /* UserTableViewCell.xib */ = {isa = PBXFileReference; fileEncoding = 4; lastKnownFileType = file.xib; path = UserTableViewCell.xib; sourceTree = "<group>"; };
		D99955552C0521E00048B015 /* UsersViewModelTests.swift */ = {isa = PBXFileReference; fileEncoding = 4; lastKnownFileType = sourcecode.swift; path = UsersViewModelTests.swift; sourceTree = "<group>"; };
		D99955572C0522080048B015 /* TestCase.swift */ = {isa = PBXFileReference; fileEncoding = 4; lastKnownFileType = sourcecode.swift; path = TestCase.swift; sourceTree = "<group>"; };
		D999555A2C0523EB0048B015 /* UIImageCache.swift */ = {isa = PBXFileReference; fileEncoding = 4; lastKnownFileType = sourcecode.swift; path = UIImageCache.swift; sourceTree = "<group>"; };
		D999555B2C0523EB0048B015 /* UIImageLoader.swift */ = {isa = PBXFileReference; fileEncoding = 4; lastKnownFileType = sourcecode.swift; path = UIImageLoader.swift; sourceTree = "<group>"; };
		D999555F2C05242C0048B015 /* ImageView+LoadImage.swift */ = {isa = PBXFileReference; fileEncoding = 4; lastKnownFileType = sourcecode.swift; path = "ImageView+LoadImage.swift"; sourceTree = "<group>"; };
		D99955602C05242C0048B015 /* UIImage+Predefined.swift */ = {isa = PBXFileReference; fileEncoding = 4; lastKnownFileType = sourcecode.swift; path = "UIImage+Predefined.swift"; sourceTree = "<group>"; };
		D99955632C05271B0048B015 /* Repository.swift */ = {isa = PBXFileReference; fileEncoding = 4; lastKnownFileType = sourcecode.swift; path = Repository.swift; sourceTree = "<group>"; };
		D99955642C05271B0048B015 /* RepositoryLicense.swift */ = {isa = PBXFileReference; fileEncoding = 4; lastKnownFileType = sourcecode.swift; path = RepositoryLicense.swift; sourceTree = "<group>"; };
		D99955662C05271B0048B015 /* UserRepositoriesUIRouter.swift */ = {isa = PBXFileReference; fileEncoding = 4; lastKnownFileType = sourcecode.swift; path = UserRepositoriesUIRouter.swift; sourceTree = "<group>"; };
		D99955682C05271B0048B015 /* RepositoryTableViewCell.swift */ = {isa = PBXFileReference; fileEncoding = 4; lastKnownFileType = sourcecode.swift; path = RepositoryTableViewCell.swift; sourceTree = "<group>"; };
		D99955692C05271B0048B015 /* RepositoryTableViewCell.xib */ = {isa = PBXFileReference; fileEncoding = 4; lastKnownFileType = file.xib; path = RepositoryTableViewCell.xib; sourceTree = "<group>"; };
		D999556C2C05271B0048B015 /* UserRepositoriesViewController.swift */ = {isa = PBXFileReference; fileEncoding = 4; lastKnownFileType = sourcecode.swift; path = UserRepositoriesViewController.swift; sourceTree = "<group>"; };
		D999556F2C05271B0048B015 /* UserRepositoriesViewModel.swift */ = {isa = PBXFileReference; fileEncoding = 4; lastKnownFileType = sourcecode.swift; path = UserRepositoriesViewModel.swift; sourceTree = "<group>"; };
		D99955702C05271B0048B015 /* UserRepositoriesViewModelProtocol.swift */ = {isa = PBXFileReference; fileEncoding = 4; lastKnownFileType = sourcecode.swift; path = UserRepositoriesViewModelProtocol.swift; sourceTree = "<group>"; };
		D999557B2C05279C0048B015 /* UserRepositoriesViewModelTests.swift */ = {isa = PBXFileReference; fileEncoding = 4; lastKnownFileType = sourcecode.swift; path = UserRepositoriesViewModelTests.swift; sourceTree = "<group>"; };
		D999557E2C05295F0048B015 /* RepositoryForkersViewController.swift */ = {isa = PBXFileReference; fileEncoding = 4; lastKnownFileType = sourcecode.swift; path = RepositoryForkersViewController.swift; sourceTree = "<group>"; };
		D99955812C05295F0048B015 /* RepositoryForkersViewModel.swift */ = {isa = PBXFileReference; fileEncoding = 4; lastKnownFileType = sourcecode.swift; path = RepositoryForkersViewModel.swift; sourceTree = "<group>"; };
		D99955822C05295F0048B015 /* RepositoryForkersViewModelProtocol.swift */ = {isa = PBXFileReference; fileEncoding = 4; lastKnownFileType = sourcecode.swift; path = RepositoryForkersViewModelProtocol.swift; sourceTree = "<group>"; };
		D99955882C05297D0048B015 /* RepositoryForkersViewModelTests.swift */ = {isa = PBXFileReference; fileEncoding = 4; lastKnownFileType = sourcecode.swift; path = RepositoryForkersViewModelTests.swift; sourceTree = "<group>"; };
/* End PBXFileReference section */

/* Begin PBXFrameworksBuildPhase section */
		D99954782C0501D20048B015 /* Frameworks */ = {
			isa = PBXFrameworksBuildPhase;
			buildActionMask = 2147483647;
			files = (
			);
			runOnlyForDeploymentPostprocessing = 0;
		};
		D999548E2C0501D50048B015 /* Frameworks */ = {
			isa = PBXFrameworksBuildPhase;
			buildActionMask = 2147483647;
			files = (
			);
			runOnlyForDeploymentPostprocessing = 0;
		};
/* End PBXFrameworksBuildPhase section */

/* Begin PBXGroup section */
		D99954722C0501D20048B015 = {
			isa = PBXGroup;
			children = (
				D999547D2C0501D20048B015 /* GitHub */,
				D99954942C0501D50048B015 /* GitHubTests */,
				D999547C2C0501D20048B015 /* Products */,
			);
			sourceTree = "<group>";
		};
		D999547C2C0501D20048B015 /* Products */ = {
			isa = PBXGroup;
			children = (
				D999547B2C0501D20048B015 /* GitHub.app */,
				D99954912C0501D50048B015 /* GitHubTests.xctest */,
			);
			name = Products;
			sourceTree = "<group>";
		};
		D999547D2C0501D20048B015 /* GitHub */ = {
			isa = PBXGroup;
			children = (
				D99954B42C05022F0048B015 /* Main */,
				D99954AF2C05022F0048B015 /* Configurations */,
				D99954B62C05022F0048B015 /* Resources */,
				D99954D62C0503D00048B015 /* Core */,
				D99954BD2C0503520048B015 /* Services */,
				D99955252C051B510048B015 /* Modules */,
			);
			path = GitHub;
			sourceTree = "<group>";
		};
		D99954942C0501D50048B015 /* GitHubTests */ = {
			isa = PBXGroup;
			children = (
				D99955582C0522080048B015 /* TestCase */,
				D99954DB2C05041B0048B015 /* Services */,
				D99954F62C0510F10048B015 /* Modules */,
			);
			path = GitHubTests;
			sourceTree = "<group>";
		};
		D99954AF2C05022F0048B015 /* Configurations */ = {
			isa = PBXGroup;
			children = (
				D99954AE2C05022F0048B015 /* Info.plist */,
			);
			path = Configurations;
			sourceTree = "<group>";
		};
		D99954B42C05022F0048B015 /* Main */ = {
			isa = PBXGroup;
			children = (
				D99954B02C05022F0048B015 /* AppDelegate.swift */,
				D99954B12C05022F0048B015 /* CommandLineArgumentKey.swift */,
				D999553C2C051FEB0048B015 /* MainUIRouter.swift */,
				D999553B2C051FEB0048B015 /* MainUINavigationDestination.swift */,
			);
			path = Main;
			sourceTree = "<group>";
		};
		D99954B62C05022F0048B015 /* Resources */ = {
			isa = PBXGroup;
			children = (
				D99954B52C05022F0048B015 /* Assets.xcassets */,
			);
			path = Resources;
			sourceTree = "<group>";
		};
		D99954BD2C0503520048B015 /* Services */ = {
			isa = PBXGroup;
			children = (
				D99954BE2C0503560048B015 /* Remote */,
			);
			path = Services;
			sourceTree = "<group>";
		};
		D99954BE2C0503560048B015 /* Remote */ = {
			isa = PBXGroup;
			children = (
				D99954BF2C0503650048B015 /* Base */,
				D99954E42C0506420048B015 /* EndPoints */,
				D99954E72C0510370048B015 /* Modules */,
			);
			path = Remote;
			sourceTree = "<group>";
		};
		D99954BF2C0503650048B015 /* Base */ = {
			isa = PBXGroup;
			children = (
				D999555C2C0523EB0048B015 /* UIImageLoader */,
				D99954C72C0503870048B015 /* NetworkManager */,
				D99954C92C0503870048B015 /* NetworkRepository */,
				D99954C42C0503870048B015 /* Request */,
				D99954CC2C0503870048B015 /* Response */,
				D99954C02C0503870048B015 /* GitHubBaseTargetType.swift */,
			);
			path = Base;
			sourceTree = "<group>";
		};
		D99954C42C0503870048B015 /* Request */ = {
			isa = PBXGroup;
			children = (
				D99954C12C0503870048B015 /* HTTPMethod.swift */,
				D99954C22C0503870048B015 /* RequestBuilder.swift */,
				D99954C32C0503870048B015 /* RequestTargetType.swift */,
			);
			path = Request;
			sourceTree = "<group>";
		};
		D99954C72C0503870048B015 /* NetworkManager */ = {
			isa = PBXGroup;
			children = (
				D99954C52C0503870048B015 /* NetworkManager.swift */,
				D99954C62C0503870048B015 /* NetworkManaging.swift */,
			);
			path = NetworkManager;
			sourceTree = "<group>";
		};
		D99954C92C0503870048B015 /* NetworkRepository */ = {
			isa = PBXGroup;
			children = (
				D99954C82C0503870048B015 /* NetworkRepository.swift */,
			);
			path = NetworkRepository;
			sourceTree = "<group>";
		};
		D99954CC2C0503870048B015 /* Response */ = {
			isa = PBXGroup;
			children = (
				D99954CA2C0503870048B015 /* NetworkError.swift */,
				D99954CB2C0503870048B015 /* ResponseDecoder.swift */,
			);
			path = Response;
			sourceTree = "<group>";
		};
		D99954D62C0503D00048B015 /* Core */ = {
			isa = PBXGroup;
			children = (
				D999553F2C0520110048B015 /* Utilities */,
				D99955372C051F8F0048B015 /* BaseModule */,
				D99954D72C0503D90048B015 /* Extensions */,
			);
			path = Core;
			sourceTree = "<group>";
		};
		D99954D72C0503D90048B015 /* Extensions */ = {
			isa = PBXGroup;
			children = (
				D99955482C05209B0048B015 /* UIKit */,
				D999552F2C051BFB0048B015 /* Combine */,
				D99954D82C0503DF0048B015 /* Foundation */,
			);
			path = Extensions;
			sourceTree = "<group>";
		};
		D99954D82C0503DF0048B015 /* Foundation */ = {
			isa = PBXGroup;
			children = (
				D99954D92C0503E90048B015 /* Data.swift */,
				D99954F42C0510E00048B015 /* Encodable.swift */,
			);
			path = Foundation;
			sourceTree = "<group>";
		};
		D99954DB2C05041B0048B015 /* Services */ = {
			isa = PBXGroup;
			children = (
				D99954DC2C05041F0048B015 /* Remote */,
			);
			path = Services;
			sourceTree = "<group>";
		};
		D99954DC2C05041F0048B015 /* Remote */ = {
			isa = PBXGroup;
			children = (
				D99954DD2C0504240048B015 /* Base */,
			);
			path = Remote;
			sourceTree = "<group>";
		};
		D99954DD2C0504240048B015 /* Base */ = {
			isa = PBXGroup;
			children = (
				D99954DF2C0504440048B015 /* MockNetworkManager.swift */,
				D99954DE2C0504440048B015 /* JSONLoader.swift */,
			);
			path = Base;
			sourceTree = "<group>";
		};
		D99954E42C0506420048B015 /* EndPoints */ = {
			isa = PBXGroup;
			children = (
				D99954E32C0506420048B015 /* EndpointPathGenerator.swift */,
				D99954E22C0506420048B015 /* Endpoint.swift */,
			);
			path = EndPoints;
			sourceTree = "<group>";
		};
		D99954E72C0510370048B015 /* Modules */ = {
			isa = PBXGroup;
			children = (
				D99955132C05171B0048B015 /* RepositoryFork */,
				D99954FF2C0514B10048B015 /* UserRepositories */,
				D99954E82C0510490048B015 /* Users */,
			);
			path = Modules;
			sourceTree = "<group>";
		};
		D99954E82C0510490048B015 /* Users */ = {
			isa = PBXGroup;
			children = (
				D99954E92C0510520048B015 /* Models */,
				D99954F02C0510AB0048B015 /* UsersAPI.swift */,
				D99954EE2C0510AB0048B015 /* UsersRepositoryProtocol.swift */,
				D99954EF2C0510AB0048B015 /* UsersRepository.swift */,
			);
			path = Users;
			sourceTree = "<group>";
		};
		D99954E92C0510520048B015 /* Models */ = {
			isa = PBXGroup;
			children = (
				D99954EB2C05106E0048B015 /* UsersRequestParameters.swift */,
				D99954EA2C05106E0048B015 /* UserResponse.swift */,
			);
			path = Models;
			sourceTree = "<group>";
		};
		D99954F62C0510F10048B015 /* Modules */ = {
			isa = PBXGroup;
			children = (
				D999551F2C0517970048B015 /* RepositoryFork */,
				D999550D2C05153C0048B015 /* UserRepositories */,
				D99954F72C0510FA0048B015 /* Users */,
			);
			path = Modules;
			sourceTree = "<group>";
		};
		D99954F72C0510FA0048B015 /* Users */ = {
			isa = PBXGroup;
			children = (
				D99955542C0521C60048B015 /* Tests */,
				D99954F82C0510FE0048B015 /* Data */,
			);
			path = Users;
			sourceTree = "<group>";
		};
		D99954F82C0510FE0048B015 /* Data */ = {
			isa = PBXGroup;
			children = (
				D99954F92C0511200048B015 /* users-0.json */,
				D99954FA2C0511200048B015 /* users-46.json */,
				D99954FB2C0511200048B015 /* users-91.json */,
			);
			path = Data;
			sourceTree = "<group>";
		};
		D99954FF2C0514B10048B015 /* UserRepositories */ = {
			isa = PBXGroup;
			children = (
				D99955002C0514B90048B015 /* Models */,
				D99955092C0515210048B015 /* UserRepositoriesAPI.swift */,
				D99955072C0515210048B015 /* UserRepositoriesRepositoryProtocol.swift */,
				D99955082C0515210048B015 /* UserRepositoriesRepository.swift */,
			);
			path = UserRepositories;
			sourceTree = "<group>";
		};
		D99955002C0514B90048B015 /* Models */ = {
			isa = PBXGroup;
			children = (
				D99955032C0514E50048B015 /* UserRepositoriesRequestParameters.swift */,
				D99955012C0514E50048B015 /* RepositoryResponse.swift */,
				D99955022C0514E50048B015 /* RepositoryLicenseResponse.swift */,
			);
			path = Models;
			sourceTree = "<group>";
		};
		D999550D2C05153C0048B015 /* UserRepositories */ = {
			isa = PBXGroup;
			children = (
				D999557C2C05279C0048B015 /* Tests */,
				D999550E2C0515400048B015 /* Data */,
			);
			path = UserRepositories;
			sourceTree = "<group>";
		};
		D999550E2C0515400048B015 /* Data */ = {
			isa = PBXGroup;
			children = (
				D999550F2C0515580048B015 /* defunkt.json */,
				D99955102C0515580048B015 /* defunkt-repos.json */,
			);
			path = Data;
			sourceTree = "<group>";
		};
		D99955132C05171B0048B015 /* RepositoryFork */ = {
			isa = PBXGroup;
			children = (
				D99955142C05171F0048B015 /* Models */,
				D999551B2C0517770048B015 /* RepositoryForkAPI.swift */,
				D99955192C0517770048B015 /* RepositoryForkRepositoryProtocol.swift */,
				D999551A2C0517770048B015 /* RepositoryForkRepository.swift */,
			);
			path = RepositoryFork;
			sourceTree = "<group>";
		};
		D99955142C05171F0048B015 /* Models */ = {
			isa = PBXGroup;
			children = (
				D99955152C05173B0048B015 /* RepositoryForkersRequestParameters.swift */,
				D99955162C05173B0048B015 /* RepositoryForkerResponse.swift */,
			);
			path = Models;
			sourceTree = "<group>";
		};
		D999551F2C0517970048B015 /* RepositoryFork */ = {
			isa = PBXGroup;
			children = (
				D99955892C05297D0048B015 /* Tests */,
				D99955202C05179C0048B015 /* Data */,
			);
			path = RepositoryFork;
			sourceTree = "<group>";
		};
		D99955202C05179C0048B015 /* Data */ = {
			isa = PBXGroup;
			children = (
				D99955222C0517BB0048B015 /* defunkt-dotjs.json */,
				D99955212C0517BB0048B015 /* defunkt-dotjs-forks.json */,
			);
			path = Data;
			sourceTree = "<group>";
		};
		D99955252C051B510048B015 /* Modules */ = {
			isa = PBXGroup;
			children = (
				D99955842C05295F0048B015 /* RepositoryForkers */,
				D99955722C05271B0048B015 /* UserRepositories */,
				D99955262C051B5C0048B015 /* UsersList */,
			);
			path = Modules;
			sourceTree = "<group>";
		};
		D99955262C051B5C0048B015 /* UsersList */ = {
			isa = PBXGroup;
			children = (
				D99955452C0520570048B015 /* Router */,
				D99955272C051B7D0048B015 /* Models */,
				D999552A2C051BA70048B015 /* ViewModel */,
				D99955322C051F410048B015 /* View */,
			);
			path = UsersList;
			sourceTree = "<group>";
		};
		D99955272C051B7D0048B015 /* Models */ = {
			isa = PBXGroup;
			children = (
				D99955282C051B960048B015 /* User.swift */,
			);
			path = Models;
			sourceTree = "<group>";
		};
		D999552A2C051BA70048B015 /* ViewModel */ = {
			isa = PBXGroup;
			children = (
				D999552C2C051BCD0048B015 /* UsersListViewModelProtocol.swift */,
				D999552B2C051BCD0048B015 /* UsersListViewModel.swift */,
			);
			path = ViewModel;
			sourceTree = "<group>";
		};
		D999552F2C051BFB0048B015 /* Combine */ = {
			isa = PBXGroup;
			children = (
				D99955302C051C170048B015 /* Combine+typealias.swift */,
			);
			path = Combine;
			sourceTree = "<group>";
		};
		D99955322C051F410048B015 /* View */ = {
			isa = PBXGroup;
			children = (
				D99955332C051F4D0048B015 /* Cells */,
				D99955342C051F510048B015 /* Controller */,
			);
			path = View;
			sourceTree = "<group>";
		};
		D99955332C051F4D0048B015 /* Cells */ = {
			isa = PBXGroup;
			children = (
				D99955512C0520F50048B015 /* UserTableViewCell */,
			);
			path = Cells;
			sourceTree = "<group>";
		};
		D99955342C051F510048B015 /* Controller */ = {
			isa = PBXGroup;
			children = (
				D99955352C051F800048B015 /* UsersListViewController.swift */,
			);
			path = Controller;
			sourceTree = "<group>";
		};
		D99955372C051F8F0048B015 /* BaseModule */ = {
			isa = PBXGroup;
			children = (
				D99955382C051F9B0048B015 /* Controller */,
			);
			path = BaseModule;
			sourceTree = "<group>";
		};
		D99955382C051F9B0048B015 /* Controller */ = {
			isa = PBXGroup;
			children = (
				D99955392C051FAE0048B015 /* ViewController.swift */,
			);
			path = Controller;
			sourceTree = "<group>";
		};
		D999553F2C0520110048B015 /* Utilities */ = {
			isa = PBXGroup;
			children = (
				D99955422C05203D0048B015 /* Navigation */,
			);
			path = Utilities;
			sourceTree = "<group>";
		};
		D99955422C05203D0048B015 /* Navigation */ = {
			isa = PBXGroup;
			children = (
				D99955402C05203D0048B015 /* UINavigable.swift */,
				D99955412C05203D0048B015 /* UIRouter.swift */,
			);
			path = Navigation;
			sourceTree = "<group>";
		};
		D99955452C0520570048B015 /* Router */ = {
			isa = PBXGroup;
			children = (
				D99955462C05206D0048B015 /* UsersListUIRouter.swift */,
			);
			path = Router;
			sourceTree = "<group>";
		};
		D99955482C05209B0048B015 /* UIKit */ = {
			isa = PBXGroup;
			children = (
				D999555F2C05242C0048B015 /* ImageView+LoadImage.swift */,
				D99955602C05242C0048B015 /* UIImage+Predefined.swift */,
				D999554A2C0520C80048B015 /* UITableView+RegisterDequeue.swift */,
				D99955492C0520C80048B015 /* UIView.swift */,
				D999554B2C0520C80048B015 /* UIViewController+Alert.swift */,
			);
			path = UIKit;
			sourceTree = "<group>";
		};
		D99955512C0520F50048B015 /* UserTableViewCell */ = {
			isa = PBXGroup;
			children = (
				D999554F2C0520F50048B015 /* UserTableViewCell.swift */,
				D99955502C0520F50048B015 /* UserTableViewCell.xib */,
			);
			path = UserTableViewCell;
			sourceTree = "<group>";
		};
		D99955542C0521C60048B015 /* Tests */ = {
			isa = PBXGroup;
			children = (
				D99955552C0521E00048B015 /* UsersViewModelTests.swift */,
			);
			path = Tests;
			sourceTree = "<group>";
		};
		D99955582C0522080048B015 /* TestCase */ = {
			isa = PBXGroup;
			children = (
				D99955572C0522080048B015 /* TestCase.swift */,
			);
			path = TestCase;
			sourceTree = "<group>";
		};
		D999555C2C0523EB0048B015 /* UIImageLoader */ = {
			isa = PBXGroup;
			children = (
				D999555A2C0523EB0048B015 /* UIImageCache.swift */,
				D999555B2C0523EB0048B015 /* UIImageLoader.swift */,
			);
			path = UIImageLoader;
			sourceTree = "<group>";
		};
		D99955652C05271B0048B015 /* Models */ = {
			isa = PBXGroup;
			children = (
				D99955632C05271B0048B015 /* Repository.swift */,
				D99955642C05271B0048B015 /* RepositoryLicense.swift */,
			);
			path = Models;
			sourceTree = "<group>";
		};
		D99955672C05271B0048B015 /* Router */ = {
			isa = PBXGroup;
			children = (
				D99955662C05271B0048B015 /* UserRepositoriesUIRouter.swift */,
			);
			path = Router;
			sourceTree = "<group>";
		};
		D999556A2C05271B0048B015 /* RepositoryTableViewCell */ = {
			isa = PBXGroup;
			children = (
				D99955682C05271B0048B015 /* RepositoryTableViewCell.swift */,
				D99955692C05271B0048B015 /* RepositoryTableViewCell.xib */,
			);
			path = RepositoryTableViewCell;
			sourceTree = "<group>";
		};
		D999556B2C05271B0048B015 /* Cells */ = {
			isa = PBXGroup;
			children = (
				D999556A2C05271B0048B015 /* RepositoryTableViewCell */,
			);
			path = Cells;
			sourceTree = "<group>";
		};
		D999556D2C05271B0048B015 /* Controller */ = {
			isa = PBXGroup;
			children = (
				D999556C2C05271B0048B015 /* UserRepositoriesViewController.swift */,
			);
			path = Controller;
			sourceTree = "<group>";
		};
		D999556E2C05271B0048B015 /* View */ = {
			isa = PBXGroup;
			children = (
				D999556B2C05271B0048B015 /* Cells */,
				D999556D2C05271B0048B015 /* Controller */,
			);
			path = View;
			sourceTree = "<group>";
		};
		D99955712C05271B0048B015 /* ViewModel */ = {
			isa = PBXGroup;
			children = (
				D999556F2C05271B0048B015 /* UserRepositoriesViewModel.swift */,
				D99955702C05271B0048B015 /* UserRepositoriesViewModelProtocol.swift */,
			);
			path = ViewModel;
			sourceTree = "<group>";
		};
		D99955722C05271B0048B015 /* UserRepositories */ = {
			isa = PBXGroup;
			children = (
				D99955652C05271B0048B015 /* Models */,
				D99955672C05271B0048B015 /* Router */,
				D999556E2C05271B0048B015 /* View */,
				D99955712C05271B0048B015 /* ViewModel */,
			);
			path = UserRepositories;
			sourceTree = "<group>";
		};
		D999557C2C05279C0048B015 /* Tests */ = {
			isa = PBXGroup;
			children = (
				D999557B2C05279C0048B015 /* UserRepositoriesViewModelTests.swift */,
			);
			path = Tests;
			sourceTree = "<group>";
		};
		D999557F2C05295F0048B015 /* Controller */ = {
			isa = PBXGroup;
			children = (
				D999557E2C05295F0048B015 /* RepositoryForkersViewController.swift */,
			);
			path = Controller;
			sourceTree = "<group>";
		};
		D99955802C05295F0048B015 /* View */ = {
			isa = PBXGroup;
			children = (
				D999557F2C05295F0048B015 /* Controller */,
			);
			path = View;
			sourceTree = "<group>";
		};
		D99955832C05295F0048B015 /* ViewModel */ = {
			isa = PBXGroup;
			children = (
				D99955822C05295F0048B015 /* RepositoryForkersViewModelProtocol.swift */,
				D99955812C05295F0048B015 /* RepositoryForkersViewModel.swift */,
			);
			path = ViewModel;
			sourceTree = "<group>";
		};
		D99955842C05295F0048B015 /* RepositoryForkers */ = {
			isa = PBXGroup;
			children = (
				D99955832C05295F0048B015 /* ViewModel */,
				D99955802C05295F0048B015 /* View */,
			);
			path = RepositoryForkers;
			sourceTree = "<group>";
		};
		D99955892C05297D0048B015 /* Tests */ = {
			isa = PBXGroup;
			children = (
				D99955882C05297D0048B015 /* RepositoryForkersViewModelTests.swift */,
			);
			path = Tests;
			sourceTree = "<group>";
		};
/* End PBXGroup section */

/* Begin PBXNativeTarget section */
		D999547A2C0501D20048B015 /* GitHub */ = {
			isa = PBXNativeTarget;
			buildConfigurationList = D99954A52C0501D50048B015 /* Build configuration list for PBXNativeTarget "GitHub" */;
			buildPhases = (
				D99954772C0501D20048B015 /* Sources */,
				D99954782C0501D20048B015 /* Frameworks */,
				D99954792C0501D20048B015 /* Resources */,
			);
			buildRules = (
			);
			dependencies = (
			);
			name = GitHub;
			productName = GitHub;
			productReference = D999547B2C0501D20048B015 /* GitHub.app */;
			productType = "com.apple.product-type.application";
		};
		D99954902C0501D50048B015 /* GitHubTests */ = {
			isa = PBXNativeTarget;
			buildConfigurationList = D99954A82C0501D50048B015 /* Build configuration list for PBXNativeTarget "GitHubTests" */;
			buildPhases = (
				D999548D2C0501D50048B015 /* Sources */,
				D999548E2C0501D50048B015 /* Frameworks */,
				D999548F2C0501D50048B015 /* Resources */,
			);
			buildRules = (
			);
			dependencies = (
				D99954932C0501D50048B015 /* PBXTargetDependency */,
			);
			name = GitHubTests;
			productName = GitHubTests;
			productReference = D99954912C0501D50048B015 /* GitHubTests.xctest */;
			productType = "com.apple.product-type.bundle.unit-test";
		};
/* End PBXNativeTarget section */

/* Begin PBXProject section */
		D99954732C0501D20048B015 /* Project object */ = {
			isa = PBXProject;
			attributes = {
				BuildIndependentTargetsInParallel = 1;
				LastSwiftUpdateCheck = 1540;
				LastUpgradeCheck = 1540;
				TargetAttributes = {
					D999547A2C0501D20048B015 = {
						CreatedOnToolsVersion = 15.4;
					};
					D99954902C0501D50048B015 = {
						CreatedOnToolsVersion = 15.4;
						LastSwiftMigration = 1540;
						TestTargetID = D999547A2C0501D20048B015;
					};
				};
			};
			buildConfigurationList = D99954762C0501D20048B015 /* Build configuration list for PBXProject "GitHub" */;
			compatibilityVersion = "Xcode 14.0";
			developmentRegion = en;
			hasScannedForEncodings = 0;
			knownRegions = (
				en,
				Base,
			);
			mainGroup = D99954722C0501D20048B015;
			productRefGroup = D999547C2C0501D20048B015 /* Products */;
			projectDirPath = "";
			projectRoot = "";
			targets = (
				D999547A2C0501D20048B015 /* GitHub */,
				D99954902C0501D50048B015 /* GitHubTests */,
			);
		};
/* End PBXProject section */

/* Begin PBXResourcesBuildPhase section */
		D99954792C0501D20048B015 /* Resources */ = {
			isa = PBXResourcesBuildPhase;
			buildActionMask = 2147483647;
			files = (
				D99955772C05271B0048B015 /* RepositoryTableViewCell.xib in Resources */,
				D99955532C0520F50048B015 /* UserTableViewCell.xib in Resources */,
				D99954BC2C05022F0048B015 /* Assets.xcassets in Resources */,
			);
			runOnlyForDeploymentPostprocessing = 0;
		};
		D999548F2C0501D50048B015 /* Resources */ = {
			isa = PBXResourcesBuildPhase;
			buildActionMask = 2147483647;
			files = (
				D99955122C0515580048B015 /* defunkt-repos.json in Resources */,
				D99954FE2C0511200048B015 /* users-91.json in Resources */,
				D99955112C0515580048B015 /* defunkt.json in Resources */,
				D99955242C0517BB0048B015 /* defunkt-dotjs.json in Resources */,
				D99954FD2C0511200048B015 /* users-46.json in Resources */,
				D99955232C0517BB0048B015 /* defunkt-dotjs-forks.json in Resources */,
				D99954FC2C0511200048B015 /* users-0.json in Resources */,
			);
			runOnlyForDeploymentPostprocessing = 0;
		};
/* End PBXResourcesBuildPhase section */

/* Begin PBXSourcesBuildPhase section */
		D99954772C0501D20048B015 /* Sources */ = {
			isa = PBXSourcesBuildPhase;
			buildActionMask = 2147483647;
			files = (
				D999554E2C0520C90048B015 /* UIViewController+Alert.swift in Sources */,
				D99955052C0514E50048B015 /* RepositoryLicenseResponse.swift in Sources */,
				D999550C2C0515210048B015 /* UserRepositoriesAPI.swift in Sources */,
				D999551E2C0517770048B015 /* RepositoryForkAPI.swift in Sources */,
				D99955432C05203D0048B015 /* UINavigable.swift in Sources */,
				D99954D32C0503880048B015 /* NetworkRepository.swift in Sources */,
				D999555E2C0523EB0048B015 /* UIImageLoader.swift in Sources */,
				D999554D2C0520C90048B015 /* UITableView+RegisterDequeue.swift in Sources */,
				D99955752C05271B0048B015 /* UserRepositoriesUIRouter.swift in Sources */,
				D99955782C05271B0048B015 /* UserRepositoriesViewController.swift in Sources */,
				D99955292C051B960048B015 /* User.swift in Sources */,
				D99955362C051F800048B015 /* UsersListViewController.swift in Sources */,
				D999553E2C051FEC0048B015 /* MainUIRouter.swift in Sources */,
				D99955872C05295F0048B015 /* RepositoryForkersViewModelProtocol.swift in Sources */,
				D999551D2C0517770048B015 /* RepositoryForkRepository.swift in Sources */,
				D99954D02C0503880048B015 /* RequestTargetType.swift in Sources */,
				D99954CF2C0503880048B015 /* RequestBuilder.swift in Sources */,
				D99955182C05173B0048B015 /* RepositoryForkerResponse.swift in Sources */,
				D999551C2C0517770048B015 /* RepositoryForkRepositoryProtocol.swift in Sources */,
				D999557A2C05271B0048B015 /* UserRepositoriesViewModelProtocol.swift in Sources */,
				D999550A2C0515210048B015 /* UserRepositoriesRepositoryProtocol.swift in Sources */,
				D99955742C05271B0048B015 /* RepositoryLicense.swift in Sources */,
				D99954F12C0510AB0048B015 /* UsersRepositoryProtocol.swift in Sources */,
				D99954E52C0506420048B015 /* Endpoint.swift in Sources */,
				D99954D52C0503880048B015 /* ResponseDecoder.swift in Sources */,
				D99954EC2C05106E0048B015 /* UserResponse.swift in Sources */,
				D99955442C05203D0048B015 /* UIRouter.swift in Sources */,
				D999555D2C0523EB0048B015 /* UIImageCache.swift in Sources */,
				D99955612C05242C0048B015 /* ImageView+LoadImage.swift in Sources */,
				D99955172C05173B0048B015 /* RepositoryForkersRequestParameters.swift in Sources */,
				D999550B2C0515210048B015 /* UserRepositoriesRepository.swift in Sources */,
				D99955792C05271B0048B015 /* UserRepositoriesViewModel.swift in Sources */,
				D999553A2C051FAE0048B015 /* ViewController.swift in Sources */,
				D99955522C0520F50048B015 /* UserTableViewCell.swift in Sources */,
				D99954ED2C05106E0048B015 /* UsersRequestParameters.swift in Sources */,
				D99955732C05271B0048B015 /* Repository.swift in Sources */,
				D99955862C05295F0048B015 /* RepositoryForkersViewModel.swift in Sources */,
				D99954E62C0506420048B015 /* EndpointPathGenerator.swift in Sources */,
				D999552D2C051BCD0048B015 /* UsersListViewModel.swift in Sources */,
				D99954CE2C0503880048B015 /* HTTPMethod.swift in Sources */,
				D999553D2C051FEC0048B015 /* MainUINavigationDestination.swift in Sources */,
				D99955622C05242C0048B015 /* UIImage+Predefined.swift in Sources */,
				D99955042C0514E50048B015 /* RepositoryResponse.swift in Sources */,
				D999552E2C051BCD0048B015 /* UsersListViewModelProtocol.swift in Sources */,
				D99954F22C0510AB0048B015 /* UsersRepository.swift in Sources */,
				D99955852C05295F0048B015 /* RepositoryForkersViewController.swift in Sources */,
				D99954D12C0503880048B015 /* NetworkManager.swift in Sources */,
				D99954D22C0503880048B015 /* NetworkManaging.swift in Sources */,
				D99954DA2C0503E90048B015 /* Data.swift in Sources */,
				D99954B92C05022F0048B015 /* CommandLineArgumentKey.swift in Sources */,
				D99955312C051C170048B015 /* Combine+typealias.swift in Sources */,
				D99955762C05271B0048B015 /* RepositoryTableViewCell.swift in Sources */,
				D99954F32C0510AB0048B015 /* UsersAPI.swift in Sources */,
				D999554C2C0520C90048B015 /* UIView.swift in Sources */,
				D99955062C0514E50048B015 /* UserRepositoriesRequestParameters.swift in Sources */,
				D99954B82C05022F0048B015 /* AppDelegate.swift in Sources */,
				D99954CD2C0503880048B015 /* GitHubBaseTargetType.swift in Sources */,
				D99955472C05206D0048B015 /* UsersListUIRouter.swift in Sources */,
				D99954D42C0503880048B015 /* NetworkError.swift in Sources */,
				D99954F52C0510E00048B015 /* Encodable.swift in Sources */,
			);
			runOnlyForDeploymentPostprocessing = 0;
		};
		D999548D2C0501D50048B015 /* Sources */ = {
			isa = PBXSourcesBuildPhase;
			buildActionMask = 2147483647;
			files = (
				D99954E12C0504440048B015 /* MockNetworkManager.swift in Sources */,
				D99955592C0522080048B015 /* TestCase.swift in Sources */,
				D99955562C0521E00048B015 /* UsersViewModelTests.swift in Sources */,
				D999558A2C05297D0048B015 /* RepositoryForkersViewModelTests.swift in Sources */,
				D999557D2C05279D0048B015 /* UserRepositoriesViewModelTests.swift in Sources */,
				D99954E02C0504440048B015 /* JSONLoader.swift in Sources */,
			);
			runOnlyForDeploymentPostprocessing = 0;
		};
/* End PBXSourcesBuildPhase section */

/* Begin PBXTargetDependency section */
		D99954932C0501D50048B015 /* PBXTargetDependency */ = {
			isa = PBXTargetDependency;
			target = D999547A2C0501D20048B015 /* GitHub */;
			targetProxy = D99954922C0501D50048B015 /* PBXContainerItemProxy */;
		};
/* End PBXTargetDependency section */

/* Begin XCBuildConfiguration section */
		D99954A32C0501D50048B015 /* Debug */ = {
			isa = XCBuildConfiguration;
			buildSettings = {
				ALWAYS_SEARCH_USER_PATHS = NO;
				ASSETCATALOG_COMPILER_GENERATE_SWIFT_ASSET_SYMBOL_EXTENSIONS = YES;
				CLANG_ANALYZER_NONNULL = YES;
				CLANG_ANALYZER_NUMBER_OBJECT_CONVERSION = YES_AGGRESSIVE;
				CLANG_CXX_LANGUAGE_STANDARD = "gnu++20";
				CLANG_ENABLE_MODULES = YES;
				CLANG_ENABLE_OBJC_ARC = YES;
				CLANG_ENABLE_OBJC_WEAK = YES;
				CLANG_WARN_BLOCK_CAPTURE_AUTORELEASING = YES;
				CLANG_WARN_BOOL_CONVERSION = YES;
				CLANG_WARN_COMMA = YES;
				CLANG_WARN_CONSTANT_CONVERSION = YES;
				CLANG_WARN_DEPRECATED_OBJC_IMPLEMENTATIONS = YES;
				CLANG_WARN_DIRECT_OBJC_ISA_USAGE = YES_ERROR;
				CLANG_WARN_DOCUMENTATION_COMMENTS = YES;
				CLANG_WARN_EMPTY_BODY = YES;
				CLANG_WARN_ENUM_CONVERSION = YES;
				CLANG_WARN_INFINITE_RECURSION = YES;
				CLANG_WARN_INT_CONVERSION = YES;
				CLANG_WARN_NON_LITERAL_NULL_CONVERSION = YES;
				CLANG_WARN_OBJC_IMPLICIT_RETAIN_SELF = YES;
				CLANG_WARN_OBJC_LITERAL_CONVERSION = YES;
				CLANG_WARN_OBJC_ROOT_CLASS = YES_ERROR;
				CLANG_WARN_QUOTED_INCLUDE_IN_FRAMEWORK_HEADER = YES;
				CLANG_WARN_RANGE_LOOP_ANALYSIS = YES;
				CLANG_WARN_STRICT_PROTOTYPES = YES;
				CLANG_WARN_SUSPICIOUS_MOVE = YES;
				CLANG_WARN_UNGUARDED_AVAILABILITY = YES_AGGRESSIVE;
				CLANG_WARN_UNREACHABLE_CODE = YES;
				CLANG_WARN__DUPLICATE_METHOD_MATCH = YES;
				COPY_PHASE_STRIP = NO;
				DEBUG_INFORMATION_FORMAT = dwarf;
				ENABLE_STRICT_OBJC_MSGSEND = YES;
				ENABLE_TESTABILITY = YES;
				ENABLE_USER_SCRIPT_SANDBOXING = YES;
				GCC_C_LANGUAGE_STANDARD = gnu17;
				GCC_DYNAMIC_NO_PIC = NO;
				GCC_NO_COMMON_BLOCKS = YES;
				GCC_OPTIMIZATION_LEVEL = 0;
				GCC_PREPROCESSOR_DEFINITIONS = (
					"DEBUG=1",
					"$(inherited)",
				);
				GCC_WARN_64_TO_32_BIT_CONVERSION = YES;
				GCC_WARN_ABOUT_RETURN_TYPE = YES_ERROR;
				GCC_WARN_UNDECLARED_SELECTOR = YES;
				GCC_WARN_UNINITIALIZED_AUTOS = YES_AGGRESSIVE;
				GCC_WARN_UNUSED_FUNCTION = YES;
				GCC_WARN_UNUSED_VARIABLE = YES;
				IPHONEOS_DEPLOYMENT_TARGET = 17.5;
				LOCALIZATION_PREFERS_STRING_CATALOGS = YES;
				MTL_ENABLE_DEBUG_INFO = INCLUDE_SOURCE;
				MTL_FAST_MATH = YES;
				ONLY_ACTIVE_ARCH = YES;
				SDKROOT = iphoneos;
				SWIFT_ACTIVE_COMPILATION_CONDITIONS = "DEBUG $(inherited)";
				SWIFT_OPTIMIZATION_LEVEL = "-Onone";
			};
			name = Debug;
		};
		D99954A42C0501D50048B015 /* Release */ = {
			isa = XCBuildConfiguration;
			buildSettings = {
				ALWAYS_SEARCH_USER_PATHS = NO;
				ASSETCATALOG_COMPILER_GENERATE_SWIFT_ASSET_SYMBOL_EXTENSIONS = YES;
				CLANG_ANALYZER_NONNULL = YES;
				CLANG_ANALYZER_NUMBER_OBJECT_CONVERSION = YES_AGGRESSIVE;
				CLANG_CXX_LANGUAGE_STANDARD = "gnu++20";
				CLANG_ENABLE_MODULES = YES;
				CLANG_ENABLE_OBJC_ARC = YES;
				CLANG_ENABLE_OBJC_WEAK = YES;
				CLANG_WARN_BLOCK_CAPTURE_AUTORELEASING = YES;
				CLANG_WARN_BOOL_CONVERSION = YES;
				CLANG_WARN_COMMA = YES;
				CLANG_WARN_CONSTANT_CONVERSION = YES;
				CLANG_WARN_DEPRECATED_OBJC_IMPLEMENTATIONS = YES;
				CLANG_WARN_DIRECT_OBJC_ISA_USAGE = YES_ERROR;
				CLANG_WARN_DOCUMENTATION_COMMENTS = YES;
				CLANG_WARN_EMPTY_BODY = YES;
				CLANG_WARN_ENUM_CONVERSION = YES;
				CLANG_WARN_INFINITE_RECURSION = YES;
				CLANG_WARN_INT_CONVERSION = YES;
				CLANG_WARN_NON_LITERAL_NULL_CONVERSION = YES;
				CLANG_WARN_OBJC_IMPLICIT_RETAIN_SELF = YES;
				CLANG_WARN_OBJC_LITERAL_CONVERSION = YES;
				CLANG_WARN_OBJC_ROOT_CLASS = YES_ERROR;
				CLANG_WARN_QUOTED_INCLUDE_IN_FRAMEWORK_HEADER = YES;
				CLANG_WARN_RANGE_LOOP_ANALYSIS = YES;
				CLANG_WARN_STRICT_PROTOTYPES = YES;
				CLANG_WARN_SUSPICIOUS_MOVE = YES;
				CLANG_WARN_UNGUARDED_AVAILABILITY = YES_AGGRESSIVE;
				CLANG_WARN_UNREACHABLE_CODE = YES;
				CLANG_WARN__DUPLICATE_METHOD_MATCH = YES;
				COPY_PHASE_STRIP = NO;
				DEBUG_INFORMATION_FORMAT = "dwarf-with-dsym";
				ENABLE_NS_ASSERTIONS = NO;
				ENABLE_STRICT_OBJC_MSGSEND = YES;
				ENABLE_USER_SCRIPT_SANDBOXING = YES;
				GCC_C_LANGUAGE_STANDARD = gnu17;
				GCC_NO_COMMON_BLOCKS = YES;
				GCC_WARN_64_TO_32_BIT_CONVERSION = YES;
				GCC_WARN_ABOUT_RETURN_TYPE = YES_ERROR;
				GCC_WARN_UNDECLARED_SELECTOR = YES;
				GCC_WARN_UNINITIALIZED_AUTOS = YES_AGGRESSIVE;
				GCC_WARN_UNUSED_FUNCTION = YES;
				GCC_WARN_UNUSED_VARIABLE = YES;
				IPHONEOS_DEPLOYMENT_TARGET = 17.5;
				LOCALIZATION_PREFERS_STRING_CATALOGS = YES;
				MTL_ENABLE_DEBUG_INFO = NO;
				MTL_FAST_MATH = YES;
				SDKROOT = iphoneos;
				SWIFT_COMPILATION_MODE = wholemodule;
				VALIDATE_PRODUCT = YES;
			};
			name = Release;
		};
		D99954A62C0501D50048B015 /* Debug */ = {
			isa = XCBuildConfiguration;
			buildSettings = {
				ASSETCATALOG_COMPILER_APPICON_NAME = AppIcon;
				ASSETCATALOG_COMPILER_GLOBAL_ACCENT_COLOR_NAME = AccentColor;
				CODE_SIGN_STYLE = Automatic;
				CURRENT_PROJECT_VERSION = 1;
				DEVELOPMENT_TEAM = 57CN6FH4FY;
				GENERATE_INFOPLIST_FILE = YES;
				INFOPLIST_FILE = GitHub/Configurations/Info.plist;
				INFOPLIST_KEY_UIApplicationSupportsIndirectInputEvents = YES;
				INFOPLIST_KEY_UILaunchStoryboardName = LaunchScreen;
				INFOPLIST_KEY_UISupportedInterfaceOrientations_iPad = "UIInterfaceOrientationPortrait UIInterfaceOrientationPortraitUpsideDown UIInterfaceOrientationLandscapeLeft UIInterfaceOrientationLandscapeRight";
				INFOPLIST_KEY_UISupportedInterfaceOrientations_iPhone = "UIInterfaceOrientationPortrait UIInterfaceOrientationLandscapeLeft UIInterfaceOrientationLandscapeRight";
				LD_RUNPATH_SEARCH_PATHS = (
					"$(inherited)",
					"@executable_path/Frameworks",
				);
				MARKETING_VERSION = 1.0;
				PRODUCT_BUNDLE_IDENTIFIER = com.shimy.GitHub;
				PRODUCT_NAME = "$(TARGET_NAME)";
				SWIFT_EMIT_LOC_STRINGS = YES;
				SWIFT_VERSION = 5.0;
				TARGETED_DEVICE_FAMILY = "1,2";
			};
			name = Debug;
		};
		D99954A72C0501D50048B015 /* Release */ = {
			isa = XCBuildConfiguration;
			buildSettings = {
				ASSETCATALOG_COMPILER_APPICON_NAME = AppIcon;
				ASSETCATALOG_COMPILER_GLOBAL_ACCENT_COLOR_NAME = AccentColor;
				CODE_SIGN_STYLE = Automatic;
				CURRENT_PROJECT_VERSION = 1;
				DEVELOPMENT_TEAM = 57CN6FH4FY;
				GENERATE_INFOPLIST_FILE = YES;
				INFOPLIST_FILE = GitHub/Configurations/Info.plist;
				INFOPLIST_KEY_UIApplicationSupportsIndirectInputEvents = YES;
				INFOPLIST_KEY_UILaunchStoryboardName = LaunchScreen;
				INFOPLIST_KEY_UISupportedInterfaceOrientations_iPad = "UIInterfaceOrientationPortrait UIInterfaceOrientationPortraitUpsideDown UIInterfaceOrientationLandscapeLeft UIInterfaceOrientationLandscapeRight";
				INFOPLIST_KEY_UISupportedInterfaceOrientations_iPhone = "UIInterfaceOrientationPortrait UIInterfaceOrientationLandscapeLeft UIInterfaceOrientationLandscapeRight";
				LD_RUNPATH_SEARCH_PATHS = (
					"$(inherited)",
					"@executable_path/Frameworks",
				);
				MARKETING_VERSION = 1.0;
				PRODUCT_BUNDLE_IDENTIFIER = com.shimy.GitHub;
				PRODUCT_NAME = "$(TARGET_NAME)";
				SWIFT_EMIT_LOC_STRINGS = YES;
				SWIFT_VERSION = 5.0;
				TARGETED_DEVICE_FAMILY = "1,2";
			};
			name = Release;
		};
		D99954A92C0501D50048B015 /* Debug */ = {
			isa = XCBuildConfiguration;
			buildSettings = {
				ALWAYS_EMBED_SWIFT_STANDARD_LIBRARIES = YES;
				BUNDLE_LOADER = "$(TEST_HOST)";
				CLANG_ENABLE_MODULES = YES;
				CODE_SIGN_STYLE = Automatic;
				CURRENT_PROJECT_VERSION = 1;
				DEVELOPMENT_TEAM = 57CN6FH4FY;
				GENERATE_INFOPLIST_FILE = YES;
				IPHONEOS_DEPLOYMENT_TARGET = 17.5;
				MARKETING_VERSION = 1.0;
				PRODUCT_BUNDLE_IDENTIFIER = com.shimy.GitHubTests;
				PRODUCT_NAME = "$(TARGET_NAME)";
				SWIFT_EMIT_LOC_STRINGS = NO;
				SWIFT_OPTIMIZATION_LEVEL = "-Onone";
				SWIFT_VERSION = 5.0;
				TARGETED_DEVICE_FAMILY = "1,2";
				TEST_HOST = "$(BUILT_PRODUCTS_DIR)/GitHub.app/$(BUNDLE_EXECUTABLE_FOLDER_PATH)/GitHub";
			};
			name = Debug;
		};
		D99954AA2C0501D50048B015 /* Release */ = {
			isa = XCBuildConfiguration;
			buildSettings = {
				ALWAYS_EMBED_SWIFT_STANDARD_LIBRARIES = YES;
				BUNDLE_LOADER = "$(TEST_HOST)";
				CLANG_ENABLE_MODULES = YES;
				CODE_SIGN_STYLE = Automatic;
				CURRENT_PROJECT_VERSION = 1;
				DEVELOPMENT_TEAM = 57CN6FH4FY;
				GENERATE_INFOPLIST_FILE = YES;
				IPHONEOS_DEPLOYMENT_TARGET = 17.5;
				MARKETING_VERSION = 1.0;
				PRODUCT_BUNDLE_IDENTIFIER = com.shimy.GitHubTests;
				PRODUCT_NAME = "$(TARGET_NAME)";
				SWIFT_EMIT_LOC_STRINGS = NO;
				SWIFT_VERSION = 5.0;
				TARGETED_DEVICE_FAMILY = "1,2";
				TEST_HOST = "$(BUILT_PRODUCTS_DIR)/GitHub.app/$(BUNDLE_EXECUTABLE_FOLDER_PATH)/GitHub";
			};
			name = Release;
		};
/* End XCBuildConfiguration section */

/* Begin XCConfigurationList section */
		D99954762C0501D20048B015 /* Build configuration list for PBXProject "GitHub" */ = {
			isa = XCConfigurationList;
			buildConfigurations = (
				D99954A32C0501D50048B015 /* Debug */,
				D99954A42C0501D50048B015 /* Release */,
			);
			defaultConfigurationIsVisible = 0;
			defaultConfigurationName = Release;
		};
		D99954A52C0501D50048B015 /* Build configuration list for PBXNativeTarget "GitHub" */ = {
			isa = XCConfigurationList;
			buildConfigurations = (
				D99954A62C0501D50048B015 /* Debug */,
				D99954A72C0501D50048B015 /* Release */,
			);
			defaultConfigurationIsVisible = 0;
			defaultConfigurationName = Release;
		};
		D99954A82C0501D50048B015 /* Build configuration list for PBXNativeTarget "GitHubTests" */ = {
			isa = XCConfigurationList;
			buildConfigurations = (
				D99954A92C0501D50048B015 /* Debug */,
				D99954AA2C0501D50048B015 /* Release */,
			);
			defaultConfigurationIsVisible = 0;
			defaultConfigurationName = Release;
		};
/* End XCConfigurationList section */
	};
	rootObject = D99954732C0501D20048B015 /* Project object */;
}
